
Microsoft Visual Studio Solution File, Format Version 12.00
# Visual Studio 14
VisualStudioVersion = 14.0.25420.1
MinimumVisualStudioVersion = 10.0.40219.1
Project("{FAE04EC0-301F-11D3-BF4B-00C04F79EFBC}") = "YesOrNo", "YesOrNo\YesOrNo\YesOrNo.csproj", "{54F1231C-9C43-476B-9662-5AD3C3B88B3C}"
EndProject
Project("{FAE04EC0-301F-11D3-BF4B-00C04F79EFBC}") = "YesOrNo.Droid", "YesOrNo\YesOrNo.Droid\YesOrNo.Droid.csproj", "{D6CB702D-2856-43B3-AED6-709B5B8E64B3}"
EndProject
Project("{FAE04EC0-301F-11D3-BF4B-00C04F79EFBC}") = "YesOrNo.iOS", "YesOrNo\YesOrNo.iOS\YesOrNo.iOS.csproj", "{DA7ECD5B-5677-4A86-AD35-B7CE8DDC4948}"
EndProject
Project("{FAE04EC0-301F-11D3-BF4B-00C04F79EFBC}") = "YesOrNo.WinPhone", "YesOrNo\YesOrNo.WinPhone\YesOrNo.WinPhone.csproj", "{8199730B-B666-4EBA-AF60-9BD12EF5C4C6}"
EndProject
Project("{FAE04EC0-301F-11D3-BF4B-00C04F79EFBC}") = "YesOrNo.Windows", "YesOrNo\YesOrNo.Windows\YesOrNo.Windows.csproj", "{5BD1AF22-FE70-4B4A-A5DC-B59602D9D474}"
EndProject
Global
	GlobalSection(SolutionConfigurationPlatforms) = preSolution
		Ad-Hoc|Any CPU = Ad-Hoc|Any CPU
		Ad-Hoc|ARM = Ad-Hoc|ARM
		Ad-Hoc|iPhone = Ad-Hoc|iPhone
		Ad-Hoc|iPhoneSimulator = Ad-Hoc|iPhoneSimulator
		Ad-Hoc|x64 = Ad-Hoc|x64
		Ad-Hoc|x86 = Ad-Hoc|x86
		AppStore|Any CPU = AppStore|Any CPU
		AppStore|ARM = AppStore|ARM
		AppStore|iPhone = AppStore|iPhone
		AppStore|iPhoneSimulator = AppStore|iPhoneSimulator
		AppStore|x64 = AppStore|x64
		AppStore|x86 = AppStore|x86
		Debug|Any CPU = Debug|Any CPU
		Debug|ARM = Debug|ARM
		Debug|iPhone = Debug|iPhone
		Debug|iPhoneSimulator = Debug|iPhoneSimulator
		Debug|x64 = Debug|x64
		Debug|x86 = Debug|x86
		Release|Any CPU = Release|Any CPU
		Release|ARM = Release|ARM
		Release|iPhone = Release|iPhone
		Release|iPhoneSimulator = Release|iPhoneSimulator
		Release|x64 = Release|x64
		Release|x86 = Release|x86
	EndGlobalSection
	GlobalSection(ProjectConfigurationPlatforms) = postSolution
		{54F1231C-9C43-476B-9662-5AD3C3B88B3C}.Ad-Hoc|Any CPU.ActiveCfg = Release|Any CPU
		{54F1231C-9C43-476B-9662-5AD3C3B88B3C}.Ad-Hoc|Any CPU.Build.0 = Release|Any CPU
		{54F1231C-9C43-476B-9662-5AD3C3B88B3C}.Ad-Hoc|ARM.ActiveCfg = Release|Any CPU
		{54F1231C-9C43-476B-9662-5AD3C3B88B3C}.Ad-Hoc|ARM.Build.0 = Release|Any CPU
		{54F1231C-9C43-476B-9662-5AD3C3B88B3C}.Ad-Hoc|iPhone.ActiveCfg = Release|Any CPU
		{54F1231C-9C43-476B-9662-5AD3C3B88B3C}.Ad-Hoc|iPhone.Build.0 = Release|Any CPU
		{54F1231C-9C43-476B-9662-5AD3C3B88B3C}.Ad-Hoc|iPhoneSimulator.ActiveCfg = Release|Any CPU
		{54F1231C-9C43-476B-9662-5AD3C3B88B3C}.Ad-Hoc|iPhoneSimulator.Build.0 = Release|Any CPU
		{54F1231C-9C43-476B-9662-5AD3C3B88B3C}.Ad-Hoc|x64.ActiveCfg = Release|Any CPU
		{54F1231C-9C43-476B-9662-5AD3C3B88B3C}.Ad-Hoc|x64.Build.0 = Release|Any CPU
		{54F1231C-9C43-476B-9662-5AD3C3B88B3C}.Ad-Hoc|x86.ActiveCfg = Release|Any CPU
		{54F1231C-9C43-476B-9662-5AD3C3B88B3C}.Ad-Hoc|x86.Build.0 = Release|Any CPU
		{54F1231C-9C43-476B-9662-5AD3C3B88B3C}.AppStore|Any CPU.ActiveCfg = Release|Any CPU
		{54F1231C-9C43-476B-9662-5AD3C3B88B3C}.AppStore|Any CPU.Build.0 = Release|Any CPU
		{54F1231C-9C43-476B-9662-5AD3C3B88B3C}.AppStore|ARM.ActiveCfg = Release|Any CPU
		{54F1231C-9C43-476B-9662-5AD3C3B88B3C}.AppStore|ARM.Build.0 = Release|Any CPU
		{54F1231C-9C43-476B-9662-5AD3C3B88B3C}.AppStore|iPhone.ActiveCfg = Release|Any CPU
		{54F1231C-9C43-476B-9662-5AD3C3B88B3C}.AppStore|iPhone.Build.0 = Release|Any CPU
		{54F1231C-9C43-476B-9662-5AD3C3B88B3C}.AppStore|iPhoneSimulator.ActiveCfg = Release|Any CPU
		{54F1231C-9C43-476B-9662-5AD3C3B88B3C}.AppStore|iPhoneSimulator.Build.0 = Release|Any CPU
		{54F1231C-9C43-476B-9662-5AD3C3B88B3C}.AppStore|x64.ActiveCfg = Release|Any CPU
		{54F1231C-9C43-476B-9662-5AD3C3B88B3C}.AppStore|x64.Build.0 = Release|Any CPU
		{54F1231C-9C43-476B-9662-5AD3C3B88B3C}.AppStore|x86.ActiveCfg = Release|Any CPU
		{54F1231C-9C43-476B-9662-5AD3C3B88B3C}.AppStore|x86.Build.0 = Release|Any CPU
		{54F1231C-9C43-476B-9662-5AD3C3B88B3C}.Debug|Any CPU.ActiveCfg = Debug|Any CPU
		{54F1231C-9C43-476B-9662-5AD3C3B88B3C}.Debug|Any CPU.Build.0 = Debug|Any CPU
		{54F1231C-9C43-476B-9662-5AD3C3B88B3C}.Debug|ARM.ActiveCfg = Debug|Any CPU
		{54F1231C-9C43-476B-9662-5AD3C3B88B3C}.Debug|ARM.Build.0 = Debug|Any CPU
		{54F1231C-9C43-476B-9662-5AD3C3B88B3C}.Debug|iPhone.ActiveCfg = Debug|Any CPU
		{54F1231C-9C43-476B-9662-5AD3C3B88B3C}.Debug|iPhone.Build.0 = Debug|Any CPU
		{54F1231C-9C43-476B-9662-5AD3C3B88B3C}.Debug|iPhoneSimulator.ActiveCfg = Debug|Any CPU
		{54F1231C-9C43-476B-9662-5AD3C3B88B3C}.Debug|iPhoneSimulator.Build.0 = Debug|Any CPU
		{54F1231C-9C43-476B-9662-5AD3C3B88B3C}.Debug|x64.ActiveCfg = Debug|Any CPU
		{54F1231C-9C43-476B-9662-5AD3C3B88B3C}.Debug|x64.Build.0 = Debug|Any CPU
		{54F1231C-9C43-476B-9662-5AD3C3B88B3C}.Debug|x86.ActiveCfg = Debug|Any CPU
		{54F1231C-9C43-476B-9662-5AD3C3B88B3C}.Debug|x86.Build.0 = Debug|Any CPU
		{54F1231C-9C43-476B-9662-5AD3C3B88B3C}.Release|Any CPU.ActiveCfg = Release|Any CPU
		{54F1231C-9C43-476B-9662-5AD3C3B88B3C}.Release|Any CPU.Build.0 = Release|Any CPU
		{54F1231C-9C43-476B-9662-5AD3C3B88B3C}.Release|ARM.ActiveCfg = Release|Any CPU
		{54F1231C-9C43-476B-9662-5AD3C3B88B3C}.Release|ARM.Build.0 = Release|Any CPU
		{54F1231C-9C43-476B-9662-5AD3C3B88B3C}.Release|iPhone.ActiveCfg = Release|Any CPU
		{54F1231C-9C43-476B-9662-5AD3C3B88B3C}.Release|iPhone.Build.0 = Release|Any CPU
		{54F1231C-9C43-476B-9662-5AD3C3B88B3C}.Release|iPhoneSimulator.ActiveCfg = Release|Any CPU
		{54F1231C-9C43-476B-9662-5AD3C3B88B3C}.Release|iPhoneSimulator.Build.0 = Release|Any CPU
		{54F1231C-9C43-476B-9662-5AD3C3B88B3C}.Release|x64.ActiveCfg = Release|Any CPU
		{54F1231C-9C43-476B-9662-5AD3C3B88B3C}.Release|x64.Build.0 = Release|Any CPU
		{54F1231C-9C43-476B-9662-5AD3C3B88B3C}.Release|x86.ActiveCfg = Release|Any CPU
		{54F1231C-9C43-476B-9662-5AD3C3B88B3C}.Release|x86.Build.0 = Release|Any CPU
		{D6CB702D-2856-43B3-AED6-709B5B8E64B3}.Ad-Hoc|Any CPU.ActiveCfg = Release|Any CPU
		{D6CB702D-2856-43B3-AED6-709B5B8E64B3}.Ad-Hoc|Any CPU.Build.0 = Release|Any CPU
		{D6CB702D-2856-43B3-AED6-709B5B8E64B3}.Ad-Hoc|Any CPU.Deploy.0 = Release|Any CPU
		{D6CB702D-2856-43B3-AED6-709B5B8E64B3}.Ad-Hoc|ARM.ActiveCfg = Release|Any CPU
		{D6CB702D-2856-43B3-AED6-709B5B8E64B3}.Ad-Hoc|ARM.Build.0 = Release|Any CPU
		{D6CB702D-2856-43B3-AED6-709B5B8E64B3}.Ad-Hoc|ARM.Deploy.0 = Release|Any CPU
		{D6CB702D-2856-43B3-AED6-709B5B8E64B3}.Ad-Hoc|iPhone.ActiveCfg = Release|Any CPU
		{D6CB702D-2856-43B3-AED6-709B5B8E64B3}.Ad-Hoc|iPhone.Build.0 = Release|Any CPU
		{D6CB702D-2856-43B3-AED6-709B5B8E64B3}.Ad-Hoc|iPhone.Deploy.0 = Release|Any CPU
		{D6CB702D-2856-43B3-AED6-709B5B8E64B3}.Ad-Hoc|iPhoneSimulator.ActiveCfg = Release|Any CPU
		{D6CB702D-2856-43B3-AED6-709B5B8E64B3}.Ad-Hoc|iPhoneSimulator.Build.0 = Release|Any CPU
		{D6CB702D-2856-43B3-AED6-709B5B8E64B3}.Ad-Hoc|iPhoneSimulator.Deploy.0 = Release|Any CPU
		{D6CB702D-2856-43B3-AED6-709B5B8E64B3}.Ad-Hoc|x64.ActiveCfg = Release|Any CPU
		{D6CB702D-2856-43B3-AED6-709B5B8E64B3}.Ad-Hoc|x64.Build.0 = Release|Any CPU
		{D6CB702D-2856-43B3-AED6-709B5B8E64B3}.Ad-Hoc|x64.Deploy.0 = Release|Any CPU
		{D6CB702D-2856-43B3-AED6-709B5B8E64B3}.Ad-Hoc|x86.ActiveCfg = Release|Any CPU
		{D6CB702D-2856-43B3-AED6-709B5B8E64B3}.Ad-Hoc|x86.Build.0 = Release|Any CPU
		{D6CB702D-2856-43B3-AED6-709B5B8E64B3}.Ad-Hoc|x86.Deploy.0 = Release|Any CPU
		{D6CB702D-2856-43B3-AED6-709B5B8E64B3}.AppStore|Any CPU.ActiveCfg = Release|Any CPU
		{D6CB702D-2856-43B3-AED6-709B5B8E64B3}.AppStore|Any CPU.Build.0 = Release|Any CPU
		{D6CB702D-2856-43B3-AED6-709B5B8E64B3}.AppStore|Any CPU.Deploy.0 = Release|Any CPU
		{D6CB702D-2856-43B3-AED6-709B5B8E64B3}.AppStore|ARM.ActiveCfg = Release|Any CPU
		{D6CB702D-2856-43B3-AED6-709B5B8E64B3}.AppStore|ARM.Build.0 = Release|Any CPU
		{D6CB702D-2856-43B3-AED6-709B5B8E64B3}.AppStore|ARM.Deploy.0 = Release|Any CPU
		{D6CB702D-2856-43B3-AED6-709B5B8E64B3}.AppStore|iPhone.ActiveCfg = Release|Any CPU
		{D6CB702D-2856-43B3-AED6-709B5B8E64B3}.AppStore|iPhone.Build.0 = Release|Any CPU
		{D6CB702D-2856-43B3-AED6-709B5B8E64B3}.AppStore|iPhone.Deploy.0 = Release|Any CPU
		{D6CB702D-2856-43B3-AED6-709B5B8E64B3}.AppStore|iPhoneSimulator.ActiveCfg = Release|Any CPU
		{D6CB702D-2856-43B3-AED6-709B5B8E64B3}.AppStore|iPhoneSimulator.Build.0 = Release|Any CPU
		{D6CB702D-2856-43B3-AED6-709B5B8E64B3}.AppStore|iPhoneSimulator.Deploy.0 = Release|Any CPU
		{D6CB702D-2856-43B3-AED6-709B5B8E64B3}.AppStore|x64.ActiveCfg = Release|Any CPU
		{D6CB702D-2856-43B3-AED6-709B5B8E64B3}.AppStore|x64.Build.0 = Release|Any CPU
		{D6CB702D-2856-43B3-AED6-709B5B8E64B3}.AppStore|x64.Deploy.0 = Release|Any CPU
		{D6CB702D-2856-43B3-AED6-709B5B8E64B3}.AppStore|x86.ActiveCfg = Release|Any CPU
		{D6CB702D-2856-43B3-AED6-709B5B8E64B3}.AppStore|x86.Build.0 = Release|Any CPU
		{D6CB702D-2856-43B3-AED6-709B5B8E64B3}.AppStore|x86.Deploy.0 = Release|Any CPU
		{D6CB702D-2856-43B3-AED6-709B5B8E64B3}.Debug|Any CPU.ActiveCfg = Debug|Any CPU
		{D6CB702D-2856-43B3-AED6-709B5B8E64B3}.Debug|Any CPU.Build.0 = Debug|Any CPU
		{D6CB702D-2856-43B3-AED6-709B5B8E64B3}.Debug|Any CPU.Deploy.0 = Debug|Any CPU
		{D6CB702D-2856-43B3-AED6-709B5B8E64B3}.Debug|ARM.ActiveCfg = Debug|Any CPU
		{D6CB702D-2856-43B3-AED6-709B5B8E64B3}.Debug|ARM.Build.0 = Debug|Any CPU
		{D6CB702D-2856-43B3-AED6-709B5B8E64B3}.Debug|ARM.Deploy.0 = Debug|Any CPU
		{D6CB702D-2856-43B3-AED6-709B5B8E64B3}.Debug|iPhone.ActiveCfg = Debug|Any CPU
		{D6CB702D-2856-43B3-AED6-709B5B8E64B3}.Debug|iPhone.Build.0 = Debug|Any CPU
		{D6CB702D-2856-43B3-AED6-709B5B8E64B3}.Debug|iPhone.Deploy.0 = Debug|Any CPU
		{D6CB702D-2856-43B3-AED6-709B5B8E64B3}.Debug|iPhoneSimulator.ActiveCfg = Debug|Any CPU
		{D6CB702D-2856-43B3-AED6-709B5B8E64B3}.Debug|iPhoneSimulator.Build.0 = Debug|Any CPU
		{D6CB702D-2856-43B3-AED6-709B5B8E64B3}.Debug|iPhoneSimulator.Deploy.0 = Debug|Any CPU
		{D6CB702D-2856-43B3-AED6-709B5B8E64B3}.Debug|x64.ActiveCfg = Debug|Any CPU
		{D6CB702D-2856-43B3-AED6-709B5B8E64B3}.Debug|x64.Build.0 = Debug|Any CPU
		{D6CB702D-2856-43B3-AED6-709B5B8E64B3}.Debug|x64.Deploy.0 = Debug|Any CPU
		{D6CB702D-2856-43B3-AED6-709B5B8E64B3}.Debug|x86.ActiveCfg = Debug|Any CPU
		{D6CB702D-2856-43B3-AED6-709B5B8E64B3}.Debug|x86.Build.0 = Debug|Any CPU
		{D6CB702D-2856-43B3-AED6-709B5B8E64B3}.Debug|x86.Deploy.0 = Debug|Any CPU
		{D6CB702D-2856-43B3-AED6-709B5B8E64B3}.Release|Any CPU.ActiveCfg = Release|Any CPU
		{D6CB702D-2856-43B3-AED6-709B5B8E64B3}.Release|Any CPU.Build.0 = Release|Any CPU
		{D6CB702D-2856-43B3-AED6-709B5B8E64B3}.Release|Any CPU.Deploy.0 = Release|Any CPU
		{D6CB702D-2856-43B3-AED6-709B5B8E64B3}.Release|ARM.ActiveCfg = Release|Any CPU
		{D6CB702D-2856-43B3-AED6-709B5B8E64B3}.Release|ARM.Build.0 = Release|Any CPU
		{D6CB702D-2856-43B3-AED6-709B5B8E64B3}.Release|ARM.Deploy.0 = Release|Any CPU
		{D6CB702D-2856-43B3-AED6-709B5B8E64B3}.Release|iPhone.ActiveCfg = Release|Any CPU
		{D6CB702D-2856-43B3-AED6-709B5B8E64B3}.Release|iPhone.Build.0 = Release|Any CPU
		{D6CB702D-2856-43B3-AED6-709B5B8E64B3}.Release|iPhone.Deploy.0 = Release|Any CPU
		{D6CB702D-2856-43B3-AED6-709B5B8E64B3}.Release|iPhoneSimulator.ActiveCfg = Release|Any CPU
		{D6CB702D-2856-43B3-AED6-709B5B8E64B3}.Release|iPhoneSimulator.Build.0 = Release|Any CPU
		{D6CB702D-2856-43B3-AED6-709B5B8E64B3}.Release|iPhoneSimulator.Deploy.0 = Release|Any CPU
		{D6CB702D-2856-43B3-AED6-709B5B8E64B3}.Release|x64.ActiveCfg = Release|Any CPU
		{D6CB702D-2856-43B3-AED6-709B5B8E64B3}.Release|x64.Build.0 = Release|Any CPU
		{D6CB702D-2856-43B3-AED6-709B5B8E64B3}.Release|x64.Deploy.0 = Release|Any CPU
		{D6CB702D-2856-43B3-AED6-709B5B8E64B3}.Release|x86.ActiveCfg = Release|Any CPU
		{D6CB702D-2856-43B3-AED6-709B5B8E64B3}.Release|x86.Build.0 = Release|Any CPU
		{D6CB702D-2856-43B3-AED6-709B5B8E64B3}.Release|x86.Deploy.0 = Release|Any CPU
		{DA7ECD5B-5677-4A86-AD35-B7CE8DDC4948}.Ad-Hoc|Any CPU.ActiveCfg = Ad-Hoc|iPhone
		{DA7ECD5B-5677-4A86-AD35-B7CE8DDC4948}.Ad-Hoc|ARM.ActiveCfg = Ad-Hoc|iPhone
		{DA7ECD5B-5677-4A86-AD35-B7CE8DDC4948}.Ad-Hoc|iPhone.ActiveCfg = Ad-Hoc|iPhone
		{DA7ECD5B-5677-4A86-AD35-B7CE8DDC4948}.Ad-Hoc|iPhone.Build.0 = Ad-Hoc|iPhone
		{DA7ECD5B-5677-4A86-AD35-B7CE8DDC4948}.Ad-Hoc|iPhoneSimulator.ActiveCfg = Ad-Hoc|iPhoneSimulator
		{DA7ECD5B-5677-4A86-AD35-B7CE8DDC4948}.Ad-Hoc|iPhoneSimulator.Build.0 = Ad-Hoc|iPhoneSimulator
		{DA7ECD5B-5677-4A86-AD35-B7CE8DDC4948}.Ad-Hoc|x64.ActiveCfg = Ad-Hoc|iPhone
		{DA7ECD5B-5677-4A86-AD35-B7CE8DDC4948}.Ad-Hoc|x86.ActiveCfg = Ad-Hoc|iPhone
		{DA7ECD5B-5677-4A86-AD35-B7CE8DDC4948}.AppStore|Any CPU.ActiveCfg = AppStore|iPhone
		{DA7ECD5B-5677-4A86-AD35-B7CE8DDC4948}.AppStore|ARM.ActiveCfg = AppStore|iPhone
		{DA7ECD5B-5677-4A86-AD35-B7CE8DDC4948}.AppStore|iPhone.ActiveCfg = AppStore|iPhone
		{DA7ECD5B-5677-4A86-AD35-B7CE8DDC4948}.AppStore|iPhone.Build.0 = AppStore|iPhone
		{DA7ECD5B-5677-4A86-AD35-B7CE8DDC4948}.AppStore|iPhoneSimulator.ActiveCfg = AppStore|iPhoneSimulator
		{DA7ECD5B-5677-4A86-AD35-B7CE8DDC4948}.AppStore|iPhoneSimulator.Build.0 = AppStore|iPhoneSimulator
		{DA7ECD5B-5677-4A86-AD35-B7CE8DDC4948}.AppStore|x64.ActiveCfg = AppStore|iPhone
		{DA7ECD5B-5677-4A86-AD35-B7CE8DDC4948}.AppStore|x86.ActiveCfg = AppStore|iPhone
		{DA7ECD5B-5677-4A86-AD35-B7CE8DDC4948}.Debug|Any CPU.ActiveCfg = Debug|iPhone
		{DA7ECD5B-5677-4A86-AD35-B7CE8DDC4948}.Debug|ARM.ActiveCfg = Debug|iPhone
		{DA7ECD5B-5677-4A86-AD35-B7CE8DDC4948}.Debug|iPhone.ActiveCfg = Debug|iPhone
		{DA7ECD5B-5677-4A86-AD35-B7CE8DDC4948}.Debug|iPhone.Build.0 = Debug|iPhone
		{DA7ECD5B-5677-4A86-AD35-B7CE8DDC4948}.Debug|iPhoneSimulator.ActiveCfg = Debug|iPhoneSimulator
		{DA7ECD5B-5677-4A86-AD35-B7CE8DDC4948}.Debug|iPhoneSimulator.Build.0 = Debug|iPhoneSimulator
		{DA7ECD5B-5677-4A86-AD35-B7CE8DDC4948}.Debug|x64.ActiveCfg = Debug|iPhone
		{DA7ECD5B-5677-4A86-AD35-B7CE8DDC4948}.Debug|x86.ActiveCfg = Debug|iPhone
		{DA7ECD5B-5677-4A86-AD35-B7CE8DDC4948}.Release|Any CPU.ActiveCfg = Release|iPhone
		{DA7ECD5B-5677-4A86-AD35-B7CE8DDC4948}.Release|ARM.ActiveCfg = Release|iPhone
		{DA7ECD5B-5677-4A86-AD35-B7CE8DDC4948}.Release|iPhone.ActiveCfg = Release|iPhone
		{DA7ECD5B-5677-4A86-AD35-B7CE8DDC4948}.Release|iPhone.Build.0 = Release|iPhone
		{DA7ECD5B-5677-4A86-AD35-B7CE8DDC4948}.Release|iPhoneSimulator.ActiveCfg = Release|iPhoneSimulator
		{DA7ECD5B-5677-4A86-AD35-B7CE8DDC4948}.Release|iPhoneSimulator.Build.0 = Release|iPhoneSimulator
		{DA7ECD5B-5677-4A86-AD35-B7CE8DDC4948}.Release|x64.ActiveCfg = Release|iPhone
		{DA7ECD5B-5677-4A86-AD35-B7CE8DDC4948}.Release|x86.ActiveCfg = Release|iPhone
		{8199730B-B666-4EBA-AF60-9BD12EF5C4C6}.Ad-Hoc|Any CPU.ActiveCfg = Release|Any CPU
		{8199730B-B666-4EBA-AF60-9BD12EF5C4C6}.Ad-Hoc|Any CPU.Build.0 = Release|Any CPU
		{8199730B-B666-4EBA-AF60-9BD12EF5C4C6}.Ad-Hoc|Any CPU.Deploy.0 = Release|Any CPU
		{8199730B-B666-4EBA-AF60-9BD12EF5C4C6}.Ad-Hoc|ARM.ActiveCfg = Release|ARM
		{8199730B-B666-4EBA-AF60-9BD12EF5C4C6}.Ad-Hoc|ARM.Build.0 = Release|ARM
		{8199730B-B666-4EBA-AF60-9BD12EF5C4C6}.Ad-Hoc|ARM.Deploy.0 = Release|ARM
		{8199730B-B666-4EBA-AF60-9BD12EF5C4C6}.Ad-Hoc|iPhone.ActiveCfg = Release|Any CPU
		{8199730B-B666-4EBA-AF60-9BD12EF5C4C6}.Ad-Hoc|iPhone.Build.0 = Release|Any CPU
		{8199730B-B666-4EBA-AF60-9BD12EF5C4C6}.Ad-Hoc|iPhone.Deploy.0 = Release|Any CPU
		{8199730B-B666-4EBA-AF60-9BD12EF5C4C6}.Ad-Hoc|iPhoneSimulator.ActiveCfg = Release|Any CPU
		{8199730B-B666-4EBA-AF60-9BD12EF5C4C6}.Ad-Hoc|iPhoneSimulator.Build.0 = Release|Any CPU
		{8199730B-B666-4EBA-AF60-9BD12EF5C4C6}.Ad-Hoc|iPhoneSimulator.Deploy.0 = Release|Any CPU
		{8199730B-B666-4EBA-AF60-9BD12EF5C4C6}.Ad-Hoc|x64.ActiveCfg = Release|Any CPU
		{8199730B-B666-4EBA-AF60-9BD12EF5C4C6}.Ad-Hoc|x64.Build.0 = Release|Any CPU
		{8199730B-B666-4EBA-AF60-9BD12EF5C4C6}.Ad-Hoc|x64.Deploy.0 = Release|Any CPU
		{8199730B-B666-4EBA-AF60-9BD12EF5C4C6}.Ad-Hoc|x86.ActiveCfg = Release|x86
		{8199730B-B666-4EBA-AF60-9BD12EF5C4C6}.Ad-Hoc|x86.Build.0 = Release|x86
		{8199730B-B666-4EBA-AF60-9BD12EF5C4C6}.Ad-Hoc|x86.Deploy.0 = Release|x86
		{8199730B-B666-4EBA-AF60-9BD12EF5C4C6}.AppStore|Any CPU.ActiveCfg = Release|Any CPU
		{8199730B-B666-4EBA-AF60-9BD12EF5C4C6}.AppStore|Any CPU.Build.0 = Release|Any CPU
		{8199730B-B666-4EBA-AF60-9BD12EF5C4C6}.AppStore|Any CPU.Deploy.0 = Release|Any CPU
		{8199730B-B666-4EBA-AF60-9BD12EF5C4C6}.AppStore|ARM.ActiveCfg = Release|ARM
		{8199730B-B666-4EBA-AF60-9BD12EF5C4C6}.AppStore|ARM.Build.0 = Release|ARM
		{8199730B-B666-4EBA-AF60-9BD12EF5C4C6}.AppStore|ARM.Deploy.0 = Release|ARM
		{8199730B-B666-4EBA-AF60-9BD12EF5C4C6}.AppStore|iPhone.ActiveCfg = Release|Any CPU
		{8199730B-B666-4EBA-AF60-9BD12EF5C4C6}.AppStore|iPhone.Build.0 = Release|Any CPU
		{8199730B-B666-4EBA-AF60-9BD12EF5C4C6}.AppStore|iPhone.Deploy.0 = Release|Any CPU
		{8199730B-B666-4EBA-AF60-9BD12EF5C4C6}.AppStore|iPhoneSimulator.ActiveCfg = Release|Any CPU
		{8199730B-B666-4EBA-AF60-9BD12EF5C4C6}.AppStore|iPhoneSimulator.Build.0 = Release|Any CPU
		{8199730B-B666-4EBA-AF60-9BD12EF5C4C6}.AppStore|iPhoneSimulator.Deploy.0 = Release|Any CPU
		{8199730B-B666-4EBA-AF60-9BD12EF5C4C6}.AppStore|x64.ActiveCfg = Release|Any CPU
		{8199730B-B666-4EBA-AF60-9BD12EF5C4C6}.AppStore|x64.Build.0 = Release|Any CPU
		{8199730B-B666-4EBA-AF60-9BD12EF5C4C6}.AppStore|x64.Deploy.0 = Release|Any CPU
		{8199730B-B666-4EBA-AF60-9BD12EF5C4C6}.AppStore|x86.ActiveCfg = Release|x86
		{8199730B-B666-4EBA-AF60-9BD12EF5C4C6}.AppStore|x86.Build.0 = Release|x86
		{8199730B-B666-4EBA-AF60-9BD12EF5C4C6}.AppStore|x86.Deploy.0 = Release|x86
		{8199730B-B666-4EBA-AF60-9BD12EF5C4C6}.Debug|Any CPU.ActiveCfg = Debug|Any CPU
		{8199730B-B666-4EBA-AF60-9BD12EF5C4C6}.Debug|Any CPU.Build.0 = Debug|Any CPU
		{8199730B-B666-4EBA-AF60-9BD12EF5C4C6}.Debug|Any CPU.Deploy.0 = Debug|Any CPU
		{8199730B-B666-4EBA-AF60-9BD12EF5C4C6}.Debug|ARM.ActiveCfg = Debug|ARM
		{8199730B-B666-4EBA-AF60-9BD12EF5C4C6}.Debug|ARM.Build.0 = Debug|ARM
		{8199730B-B666-4EBA-AF60-9BD12EF5C4C6}.Debug|ARM.Deploy.0 = Debug|ARM
		{8199730B-B666-4EBA-AF60-9BD12EF5C4C6}.Debug|iPhone.ActiveCfg = Debug|Any CPU
		{8199730B-B666-4EBA-AF60-9BD12EF5C4C6}.Debug|iPhone.Build.0 = Debug|Any CPU
		{8199730B-B666-4EBA-AF60-9BD12EF5C4C6}.Debug|iPhone.Deploy.0 = Debug|Any CPU
		{8199730B-B666-4EBA-AF60-9BD12EF5C4C6}.Debug|iPhoneSimulator.ActiveCfg = Debug|Any CPU
		{8199730B-B666-4EBA-AF60-9BD12EF5C4C6}.Debug|iPhoneSimulator.Build.0 = Debug|Any CPU
		{8199730B-B666-4EBA-AF60-9BD12EF5C4C6}.Debug|iPhoneSimulator.Deploy.0 = Debug|Any CPU
		{8199730B-B666-4EBA-AF60-9BD12EF5C4C6}.Debug|x64.ActiveCfg = Debug|Any CPU
		{8199730B-B666-4EBA-AF60-9BD12EF5C4C6}.Debug|x64.Build.0 = Debug|Any CPU
		{8199730B-B666-4EBA-AF60-9BD12EF5C4C6}.Debug|x64.Deploy.0 = Debug|Any CPU
		{8199730B-B666-4EBA-AF60-9BD12EF5C4C6}.Debug|x86.ActiveCfg = Debug|x86
		{8199730B-B666-4EBA-AF60-9BD12EF5C4C6}.Debug|x86.Build.0 = Debug|x86
		{8199730B-B666-4EBA-AF60-9BD12EF5C4C6}.Debug|x86.Deploy.0 = Debug|x86
		{8199730B-B666-4EBA-AF60-9BD12EF5C4C6}.Release|Any CPU.ActiveCfg = Release|Any CPU
		{8199730B-B666-4EBA-AF60-9BD12EF5C4C6}.Release|Any CPU.Build.0 = Release|Any CPU
		{8199730B-B666-4EBA-AF60-9BD12EF5C4C6}.Release|Any CPU.Deploy.0 = Release|Any CPU
		{8199730B-B666-4EBA-AF60-9BD12EF5C4C6}.Release|ARM.ActiveCfg = Release|ARM
		{8199730B-B666-4EBA-AF60-9BD12EF5C4C6}.Release|ARM.Build.0 = Release|ARM
		{8199730B-B666-4EBA-AF60-9BD12EF5C4C6}.Release|ARM.Deploy.0 = Release|ARM
		{8199730B-B666-4EBA-AF60-9BD12EF5C4C6}.Release|iPhone.ActiveCfg = Release|Any CPU
		{8199730B-B666-4EBA-AF60-9BD12EF5C4C6}.Release|iPhone.Build.0 = Release|Any CPU
		{8199730B-B666-4EBA-AF60-9BD12EF5C4C6}.Release|iPhone.Deploy.0 = Release|Any CPU
		{8199730B-B666-4EBA-AF60-9BD12EF5C4C6}.Release|iPhoneSimulator.ActiveCfg = Release|Any CPU
		{8199730B-B666-4EBA-AF60-9BD12EF5C4C6}.Release|iPhoneSimulator.Build.0 = Release|Any CPU
		{8199730B-B666-4EBA-AF60-9BD12EF5C4C6}.Release|iPhoneSimulator.Deploy.0 = Release|Any CPU
		{8199730B-B666-4EBA-AF60-9BD12EF5C4C6}.Release|x64.ActiveCfg = Release|Any CPU
		{8199730B-B666-4EBA-AF60-9BD12EF5C4C6}.Release|x64.Build.0 = Release|Any CPU
		{8199730B-B666-4EBA-AF60-9BD12EF5C4C6}.Release|x64.Deploy.0 = Release|Any CPU
		{8199730B-B666-4EBA-AF60-9BD12EF5C4C6}.Release|x86.ActiveCfg = Release|x86
		{8199730B-B666-4EBA-AF60-9BD12EF5C4C6}.Release|x86.Build.0 = Release|x86
		{8199730B-B666-4EBA-AF60-9BD12EF5C4C6}.Release|x86.Deploy.0 = Release|x86
		{5BD1AF22-FE70-4B4A-A5DC-B59602D9D474}.Ad-Hoc|Any CPU.ActiveCfg = Release|Any CPU
		{5BD1AF22-FE70-4B4A-A5DC-B59602D9D474}.Ad-Hoc|Any CPU.Build.0 = Release|Any CPU
		{5BD1AF22-FE70-4B4A-A5DC-B59602D9D474}.Ad-Hoc|Any CPU.Deploy.0 = Release|Any CPU
		{5BD1AF22-FE70-4B4A-A5DC-B59602D9D474}.Ad-Hoc|ARM.ActiveCfg = Release|ARM
		{5BD1AF22-FE70-4B4A-A5DC-B59602D9D474}.Ad-Hoc|ARM.Build.0 = Release|ARM
		{5BD1AF22-FE70-4B4A-A5DC-B59602D9D474}.Ad-Hoc|ARM.Deploy.0 = Release|ARM
		{5BD1AF22-FE70-4B4A-A5DC-B59602D9D474}.Ad-Hoc|iPhone.ActiveCfg = Release|Any CPU
		{5BD1AF22-FE70-4B4A-A5DC-B59602D9D474}.Ad-Hoc|iPhone.Build.0 = Release|Any CPU
		{5BD1AF22-FE70-4B4A-A5DC-B59602D9D474}.Ad-Hoc|iPhone.Deploy.0 = Release|Any CPU
		{5BD1AF22-FE70-4B4A-A5DC-B59602D9D474}.Ad-Hoc|iPhoneSimulator.ActiveCfg = Release|Any CPU
		{5BD1AF22-FE70-4B4A-A5DC-B59602D9D474}.Ad-Hoc|iPhoneSimulator.Build.0 = Release|Any CPU
		{5BD1AF22-FE70-4B4A-A5DC-B59602D9D474}.Ad-Hoc|iPhoneSimulator.Deploy.0 = Release|Any CPU
		{5BD1AF22-FE70-4B4A-A5DC-B59602D9D474}.Ad-Hoc|x64.ActiveCfg = Release|x64
		{5BD1AF22-FE70-4B4A-A5DC-B59602D9D474}.Ad-Hoc|x64.Build.0 = Release|x64
		{5BD1AF22-FE70-4B4A-A5DC-B59602D9D474}.Ad-Hoc|x64.Deploy.0 = Release|x64
		{5BD1AF22-FE70-4B4A-A5DC-B59602D9D474}.Ad-Hoc|x86.ActiveCfg = Release|x86
		{5BD1AF22-FE70-4B4A-A5DC-B59602D9D474}.Ad-Hoc|x86.Build.0 = Release|x86
		{5BD1AF22-FE70-4B4A-A5DC-B59602D9D474}.Ad-Hoc|x86.Deploy.0 = Release|x86
		{5BD1AF22-FE70-4B4A-A5DC-B59602D9D474}.AppStore|Any CPU.ActiveCfg = Release|Any CPU
		{5BD1AF22-FE70-4B4A-A5DC-B59602D9D474}.AppStore|Any CPU.Build.0 = Release|Any CPU
		{5BD1AF22-FE70-4B4A-A5DC-B59602D9D474}.AppStore|Any CPU.Deploy.0 = Release|Any CPU
		{5BD1AF22-FE70-4B4A-A5DC-B59602D9D474}.AppStore|ARM.ActiveCfg = Release|ARM
		{5BD1AF22-FE70-4B4A-A5DC-B59602D9D474}.AppStore|ARM.Build.0 = Release|ARM
		{5BD1AF22-FE70-4B4A-A5DC-B59602D9D474}.AppStore|ARM.Deploy.0 = Release|ARM
		{5BD1AF22-FE70-4B4A-A5DC-B59602D9D474}.AppStore|iPhone.ActiveCfg = Release|Any CPU
		{5BD1AF22-FE70-4B4A-A5DC-B59602D9D474}.AppStore|iPhone.Build.0 = Release|Any CPU
		{5BD1AF22-FE70-4B4A-A5DC-B59602D9D474}.AppStore|iPhone.Deploy.0 = Release|Any CPU
		{5BD1AF22-FE70-4B4A-A5DC-B59602D9D474}.AppStore|iPhoneSimulator.ActiveCfg = Release|Any CPU
		{5BD1AF22-FE70-4B4A-A5DC-B59602D9D474}.AppStore|iPhoneSimulator.Build.0 = Release|Any CPU
		{5BD1AF22-FE70-4B4A-A5DC-B59602D9D474}.AppStore|iPhoneSimulator.Deploy.0 = Release|Any CPU
		{5BD1AF22-FE70-4B4A-A5DC-B59602D9D474}.AppStore|x64.ActiveCfg = Release|x64
		{5BD1AF22-FE70-4B4A-A5DC-B59602D9D474}.AppStore|x64.Build.0 = Release|x64
		{5BD1AF22-FE70-4B4A-A5DC-B59602D9D474}.AppStore|x64.Deploy.0 = Release|x64
		{5BD1AF22-FE70-4B4A-A5DC-B59602D9D474}.AppStore|x86.ActiveCfg = Release|x86
		{5BD1AF22-FE70-4B4A-A5DC-B59602D9D474}.AppStore|x86.Build.0 = Release|x86
		{5BD1AF22-FE70-4B4A-A5DC-B59602D9D474}.AppStore|x86.Deploy.0 = Release|x86
		{5BD1AF22-FE70-4B4A-A5DC-B59602D9D474}.Debug|Any CPU.ActiveCfg = Debug|Any CPU
		{5BD1AF22-FE70-4B4A-A5DC-B59602D9D474}.Debug|Any CPU.Build.0 = Debug|Any CPU
		{5BD1AF22-FE70-4B4A-A5DC-B59602D9D474}.Debug|Any CPU.Deploy.0 = Debug|Any CPU
		{5BD1AF22-FE70-4B4A-A5DC-B59602D9D474}.Debug|ARM.ActiveCfg = Debug|ARM
		{5BD1AF22-FE70-4B4A-A5DC-B59602D9D474}.Debug|ARM.Build.0 = Debug|ARM
		{5BD1AF22-FE70-4B4A-A5DC-B59602D9D474}.Debug|ARM.Deploy.0 = Debug|ARM
		{5BD1AF22-FE70-4B4A-A5DC-B59602D9D474}.Debug|iPhone.ActiveCfg = Debug|Any CPU
		{5BD1AF22-FE70-4B4A-A5DC-B59602D9D474}.Debug|iPhone.Build.0 = Debug|Any CPU
		{5BD1AF22-FE70-4B4A-A5DC-B59602D9D474}.Debug|iPhone.Deploy.0 = Debug|Any CPU
		{5BD1AF22-FE70-4B4A-A5DC-B59602D9D474}.Debug|iPhoneSimulator.ActiveCfg = Debug|Any CPU
		{5BD1AF22-FE70-4B4A-A5DC-B59602D9D474}.Debug|iPhoneSimulator.Build.0 = Debug|Any CPU
		{5BD1AF22-FE70-4B4A-A5DC-B59602D9D474}.Debug|iPhoneSimulator.Deploy.0 = Debug|Any CPU
		{5BD1AF22-FE70-4B4A-A5DC-B59602D9D474}.Debug|x64.ActiveCfg = Debug|x64
		{5BD1AF22-FE70-4B4A-A5DC-B59602D9D474}.Debug|x64.Build.0 = Debug|x64
		{5BD1AF22-FE70-4B4A-A5DC-B59602D9D474}.Debug|x64.Deploy.0 = Debug|x64
		{5BD1AF22-FE70-4B4A-A5DC-B59602D9D474}.Debug|x86.ActiveCfg = Debug|x86
		{5BD1AF22-FE70-4B4A-A5DC-B59602D9D474}.Debug|x86.Build.0 = Debug|x86
		{5BD1AF22-FE70-4B4A-A5DC-B59602D9D474}.Debug|x86.Deploy.0 = Debug|x86
		{5BD1AF22-FE70-4B4A-A5DC-B59602D9D474}.Release|Any CPU.ActiveCfg = Release|Any CPU
		{5BD1AF22-FE70-4B4A-A5DC-B59602D9D474}.Release|Any CPU.Build.0 = Release|Any CPU
		{5BD1AF22-FE70-4B4A-A5DC-B59602D9D474}.Release|Any CPU.Deploy.0 = Release|Any CPU
		{5BD1AF22-FE70-4B4A-A5DC-B59602D9D474}.Release|ARM.ActiveCfg = Release|ARM
		{5BD1AF22-FE70-4B4A-A5DC-B59602D9D474}.Release|ARM.Build.0 = Release|ARM
		{5BD1AF22-FE70-4B4A-A5DC-B59602D9D474}.Release|ARM.Deploy.0 = Release|ARM
		{5BD1AF22-FE70-4B4A-A5DC-B59602D9D474}.Release|iPhone.ActiveCfg = Release|Any CPU
		{5BD1AF22-FE70-4B4A-A5DC-B59602D9D474}.Release|iPhone.Build.0 = Release|Any CPU
		{5BD1AF22-FE70-4B4A-A5DC-B59602D9D474}.Release|iPhone.Deploy.0 = Release|Any CPU
		{5BD1AF22-FE70-4B4A-A5DC-B59602D9D474}.Release|iPhoneSimulator.ActiveCfg = Release|Any CPU
		{5BD1AF22-FE70-4B4A-A5DC-B59602D9D474}.Release|iPhoneSimulator.Build.0 = Release|Any CPU
		{5BD1AF22-FE70-4B4A-A5DC-B59602D9D474}.Release|iPhoneSimulator.Deploy.0 = Release|Any CPU
		{5BD1AF22-FE70-4B4A-A5DC-B59602D9D474}.Release|x64.ActiveCfg = Release|x64
		{5BD1AF22-FE70-4B4A-A5DC-B59602D9D474}.Release|x64.Build.0 = Release|x64
		{5BD1AF22-FE70-4B4A-A5DC-B59602D9D474}.Release|x64.Deploy.0 = Release|x64
		{5BD1AF22-FE70-4B4A-A5DC-B59602D9D474}.Release|x86.ActiveCfg = Release|x86
		{5BD1AF22-FE70-4B4A-A5DC-B59602D9D474}.Release|x86.Build.0 = Release|x86
		{5BD1AF22-FE70-4B4A-A5DC-B59602D9D474}.Release|x86.Deploy.0 = Release|x86
	EndGlobalSection
	GlobalSection(SolutionProperties) = preSolution
		HideSolutionNode = FALSE
	EndGlobalSection
EndGlobal
