
Microsoft Visual Studio Solution File, Format Version 12.00
# Visual Studio 14
VisualStudioVersion = 14.0.25420.1
MinimumVisualStudioVersion = 10.0.40219.1
Project("{FAE04EC0-301F-11D3-BF4B-00C04F79EFBC}") = "YesOrNo_", "YesOrNo-\YesOrNo_\YesOrNo_.csproj", "{1F6C6AD8-9C1B-43E8-92DB-5BE9A9604CE1}"
EndProject
Project("{FAE04EC0-301F-11D3-BF4B-00C04F79EFBC}") = "YesOrNo_.Droid", "YesOrNo-\YesOrNo_.Droid\YesOrNo_.Droid.csproj", "{5BA975FF-51D5-44F7-BF4E-A6FA36842C15}"
EndProject
Global
	GlobalSection(SolutionConfigurationPlatforms) = preSolution
		Ad-Hoc|Any CPU = Ad-Hoc|Any CPU
		Ad-Hoc|ARM = Ad-Hoc|ARM
		Ad-Hoc|iPhone = Ad-Hoc|iPhone
		Ad-Hoc|iPhoneSimulator = Ad-Hoc|iPhoneSimulator
		Ad-Hoc|x64 = Ad-Hoc|x64
		Ad-Hoc|x86 = Ad-Hoc|x86
		AppStore|Any CPU = AppStore|Any CPU
		AppStore|ARM = AppStore|ARM
		AppStore|iPhone = AppStore|iPhone
		AppStore|iPhoneSimulator = AppStore|iPhoneSimulator
		AppStore|x64 = AppStore|x64
		AppStore|x86 = AppStore|x86
		Debug|Any CPU = Debug|Any CPU
		Debug|ARM = Debug|ARM
		Debug|iPhone = Debug|iPhone
		Debug|iPhoneSimulator = Debug|iPhoneSimulator
		Debug|x64 = Debug|x64
		Debug|x86 = Debug|x86
		Release|Any CPU = Release|Any CPU
		Release|ARM = Release|ARM
		Release|iPhone = Release|iPhone
		Release|iPhoneSimulator = Release|iPhoneSimulator
		Release|x64 = Release|x64
		Release|x86 = Release|x86
	EndGlobalSection
	GlobalSection(ProjectConfigurationPlatforms) = postSolution
		{1F6C6AD8-9C1B-43E8-92DB-5BE9A9604CE1}.Ad-Hoc|Any CPU.ActiveCfg = Release|Any CPU
		{1F6C6AD8-9C1B-43E8-92DB-5BE9A9604CE1}.Ad-Hoc|Any CPU.Build.0 = Release|Any CPU
		{1F6C6AD8-9C1B-43E8-92DB-5BE9A9604CE1}.Ad-Hoc|ARM.ActiveCfg = Release|Any CPU
		{1F6C6AD8-9C1B-43E8-92DB-5BE9A9604CE1}.Ad-Hoc|ARM.Build.0 = Release|Any CPU
		{1F6C6AD8-9C1B-43E8-92DB-5BE9A9604CE1}.Ad-Hoc|iPhone.ActiveCfg = Release|Any CPU
		{1F6C6AD8-9C1B-43E8-92DB-5BE9A9604CE1}.Ad-Hoc|iPhone.Build.0 = Release|Any CPU
		{1F6C6AD8-9C1B-43E8-92DB-5BE9A9604CE1}.Ad-Hoc|iPhoneSimulator.ActiveCfg = Release|Any CPU
		{1F6C6AD8-9C1B-43E8-92DB-5BE9A9604CE1}.Ad-Hoc|iPhoneSimulator.Build.0 = Release|Any CPU
		{1F6C6AD8-9C1B-43E8-92DB-5BE9A9604CE1}.Ad-Hoc|x64.ActiveCfg = Release|Any CPU
		{1F6C6AD8-9C1B-43E8-92DB-5BE9A9604CE1}.Ad-Hoc|x64.Build.0 = Release|Any CPU
		{1F6C6AD8-9C1B-43E8-92DB-5BE9A9604CE1}.Ad-Hoc|x86.ActiveCfg = Release|Any CPU
		{1F6C6AD8-9C1B-43E8-92DB-5BE9A9604CE1}.Ad-Hoc|x86.Build.0 = Release|Any CPU
		{1F6C6AD8-9C1B-43E8-92DB-5BE9A9604CE1}.AppStore|Any CPU.ActiveCfg = Release|Any CPU
		{1F6C6AD8-9C1B-43E8-92DB-5BE9A9604CE1}.AppStore|Any CPU.Build.0 = Release|Any CPU
		{1F6C6AD8-9C1B-43E8-92DB-5BE9A9604CE1}.AppStore|ARM.ActiveCfg = Release|Any CPU
		{1F6C6AD8-9C1B-43E8-92DB-5BE9A9604CE1}.AppStore|ARM.Build.0 = Release|Any CPU
		{1F6C6AD8-9C1B-43E8-92DB-5BE9A9604CE1}.AppStore|iPhone.ActiveCfg = Release|Any CPU
		{1F6C6AD8-9C1B-43E8-92DB-5BE9A9604CE1}.AppStore|iPhone.Build.0 = Release|Any CPU
		{1F6C6AD8-9C1B-43E8-92DB-5BE9A9604CE1}.AppStore|iPhoneSimulator.ActiveCfg = Release|Any CPU
		{1F6C6AD8-9C1B-43E8-92DB-5BE9A9604CE1}.AppStore|iPhoneSimulator.Build.0 = Release|Any CPU
		{1F6C6AD8-9C1B-43E8-92DB-5BE9A9604CE1}.AppStore|x64.ActiveCfg = Release|Any CPU
		{1F6C6AD8-9C1B-43E8-92DB-5BE9A9604CE1}.AppStore|x64.Build.0 = Release|Any CPU
		{1F6C6AD8-9C1B-43E8-92DB-5BE9A9604CE1}.AppStore|x86.ActiveCfg = Release|Any CPU
		{1F6C6AD8-9C1B-43E8-92DB-5BE9A9604CE1}.AppStore|x86.Build.0 = Release|Any CPU
		{1F6C6AD8-9C1B-43E8-92DB-5BE9A9604CE1}.Debug|Any CPU.ActiveCfg = Debug|Any CPU
		{1F6C6AD8-9C1B-43E8-92DB-5BE9A9604CE1}.Debug|Any CPU.Build.0 = Debug|Any CPU
		{1F6C6AD8-9C1B-43E8-92DB-5BE9A9604CE1}.Debug|ARM.ActiveCfg = Debug|Any CPU
		{1F6C6AD8-9C1B-43E8-92DB-5BE9A9604CE1}.Debug|ARM.Build.0 = Debug|Any CPU
		{1F6C6AD8-9C1B-43E8-92DB-5BE9A9604CE1}.Debug|iPhone.ActiveCfg = Debug|Any CPU
		{1F6C6AD8-9C1B-43E8-92DB-5BE9A9604CE1}.Debug|iPhone.Build.0 = Debug|Any CPU
		{1F6C6AD8-9C1B-43E8-92DB-5BE9A9604CE1}.Debug|iPhoneSimulator.ActiveCfg = Debug|Any CPU
		{1F6C6AD8-9C1B-43E8-92DB-5BE9A9604CE1}.Debug|iPhoneSimulator.Build.0 = Debug|Any CPU
		{1F6C6AD8-9C1B-43E8-92DB-5BE9A9604CE1}.Debug|x64.ActiveCfg = Debug|Any CPU
		{1F6C6AD8-9C1B-43E8-92DB-5BE9A9604CE1}.Debug|x64.Build.0 = Debug|Any CPU
		{1F6C6AD8-9C1B-43E8-92DB-5BE9A9604CE1}.Debug|x86.ActiveCfg = Debug|Any CPU
		{1F6C6AD8-9C1B-43E8-92DB-5BE9A9604CE1}.Debug|x86.Build.0 = Debug|Any CPU
		{1F6C6AD8-9C1B-43E8-92DB-5BE9A9604CE1}.Release|Any CPU.ActiveCfg = Release|Any CPU
		{1F6C6AD8-9C1B-43E8-92DB-5BE9A9604CE1}.Release|Any CPU.Build.0 = Release|Any CPU
		{1F6C6AD8-9C1B-43E8-92DB-5BE9A9604CE1}.Release|ARM.ActiveCfg = Release|Any CPU
		{1F6C6AD8-9C1B-43E8-92DB-5BE9A9604CE1}.Release|ARM.Build.0 = Release|Any CPU
		{1F6C6AD8-9C1B-43E8-92DB-5BE9A9604CE1}.Release|iPhone.ActiveCfg = Release|Any CPU
		{1F6C6AD8-9C1B-43E8-92DB-5BE9A9604CE1}.Release|iPhone.Build.0 = Release|Any CPU
		{1F6C6AD8-9C1B-43E8-92DB-5BE9A9604CE1}.Release|iPhoneSimulator.ActiveCfg = Release|Any CPU
		{1F6C6AD8-9C1B-43E8-92DB-5BE9A9604CE1}.Release|iPhoneSimulator.Build.0 = Release|Any CPU
		{1F6C6AD8-9C1B-43E8-92DB-5BE9A9604CE1}.Release|x64.ActiveCfg = Release|Any CPU
		{1F6C6AD8-9C1B-43E8-92DB-5BE9A9604CE1}.Release|x64.Build.0 = Release|Any CPU
		{1F6C6AD8-9C1B-43E8-92DB-5BE9A9604CE1}.Release|x86.ActiveCfg = Release|Any CPU
		{1F6C6AD8-9C1B-43E8-92DB-5BE9A9604CE1}.Release|x86.Build.0 = Release|Any CPU
		{5BA975FF-51D5-44F7-BF4E-A6FA36842C15}.Ad-Hoc|Any CPU.ActiveCfg = Release|Any CPU
		{5BA975FF-51D5-44F7-BF4E-A6FA36842C15}.Ad-Hoc|Any CPU.Build.0 = Release|Any CPU
		{5BA975FF-51D5-44F7-BF4E-A6FA36842C15}.Ad-Hoc|Any CPU.Deploy.0 = Release|Any CPU
		{5BA975FF-51D5-44F7-BF4E-A6FA36842C15}.Ad-Hoc|ARM.ActiveCfg = Release|Any CPU
		{5BA975FF-51D5-44F7-BF4E-A6FA36842C15}.Ad-Hoc|ARM.Build.0 = Release|Any CPU
		{5BA975FF-51D5-44F7-BF4E-A6FA36842C15}.Ad-Hoc|ARM.Deploy.0 = Release|Any CPU
		{5BA975FF-51D5-44F7-BF4E-A6FA36842C15}.Ad-Hoc|iPhone.ActiveCfg = Release|Any CPU
		{5BA975FF-51D5-44F7-BF4E-A6FA36842C15}.Ad-Hoc|iPhone.Build.0 = Release|Any CPU
		{5BA975FF-51D5-44F7-BF4E-A6FA36842C15}.Ad-Hoc|iPhone.Deploy.0 = Release|Any CPU
		{5BA975FF-51D5-44F7-BF4E-A6FA36842C15}.Ad-Hoc|iPhoneSimulator.ActiveCfg = Release|Any CPU
		{5BA975FF-51D5-44F7-BF4E-A6FA36842C15}.Ad-Hoc|iPhoneSimulator.Build.0 = Release|Any CPU
		{5BA975FF-51D5-44F7-BF4E-A6FA36842C15}.Ad-Hoc|iPhoneSimulator.Deploy.0 = Release|Any CPU
		{5BA975FF-51D5-44F7-BF4E-A6FA36842C15}.Ad-Hoc|x64.ActiveCfg = Release|Any CPU
		{5BA975FF-51D5-44F7-BF4E-A6FA36842C15}.Ad-Hoc|x64.Build.0 = Release|Any CPU
		{5BA975FF-51D5-44F7-BF4E-A6FA36842C15}.Ad-Hoc|x64.Deploy.0 = Release|Any CPU
		{5BA975FF-51D5-44F7-BF4E-A6FA36842C15}.Ad-Hoc|x86.ActiveCfg = Release|Any CPU
		{5BA975FF-51D5-44F7-BF4E-A6FA36842C15}.Ad-Hoc|x86.Build.0 = Release|Any CPU
		{5BA975FF-51D5-44F7-BF4E-A6FA36842C15}.Ad-Hoc|x86.Deploy.0 = Release|Any CPU
		{5BA975FF-51D5-44F7-BF4E-A6FA36842C15}.AppStore|Any CPU.ActiveCfg = Release|Any CPU
		{5BA975FF-51D5-44F7-BF4E-A6FA36842C15}.AppStore|Any CPU.Build.0 = Release|Any CPU
		{5BA975FF-51D5-44F7-BF4E-A6FA36842C15}.AppStore|Any CPU.Deploy.0 = Release|Any CPU
		{5BA975FF-51D5-44F7-BF4E-A6FA36842C15}.AppStore|ARM.ActiveCfg = Release|Any CPU
		{5BA975FF-51D5-44F7-BF4E-A6FA36842C15}.AppStore|ARM.Build.0 = Release|Any CPU
		{5BA975FF-51D5-44F7-BF4E-A6FA36842C15}.AppStore|ARM.Deploy.0 = Release|Any CPU
		{5BA975FF-51D5-44F7-BF4E-A6FA36842C15}.AppStore|iPhone.ActiveCfg = Release|Any CPU
		{5BA975FF-51D5-44F7-BF4E-A6FA36842C15}.AppStore|iPhone.Build.0 = Release|Any CPU
		{5BA975FF-51D5-44F7-BF4E-A6FA36842C15}.AppStore|iPhone.Deploy.0 = Release|Any CPU
		{5BA975FF-51D5-44F7-BF4E-A6FA36842C15}.AppStore|iPhoneSimulator.ActiveCfg = Release|Any CPU
		{5BA975FF-51D5-44F7-BF4E-A6FA36842C15}.AppStore|iPhoneSimulator.Build.0 = Release|Any CPU
		{5BA975FF-51D5-44F7-BF4E-A6FA36842C15}.AppStore|iPhoneSimulator.Deploy.0 = Release|Any CPU
		{5BA975FF-51D5-44F7-BF4E-A6FA36842C15}.AppStore|x64.ActiveCfg = Release|Any CPU
		{5BA975FF-51D5-44F7-BF4E-A6FA36842C15}.AppStore|x64.Build.0 = Release|Any CPU
		{5BA975FF-51D5-44F7-BF4E-A6FA36842C15}.AppStore|x64.Deploy.0 = Release|Any CPU
		{5BA975FF-51D5-44F7-BF4E-A6FA36842C15}.AppStore|x86.ActiveCfg = Release|Any CPU
		{5BA975FF-51D5-44F7-BF4E-A6FA36842C15}.AppStore|x86.Build.0 = Release|Any CPU
		{5BA975FF-51D5-44F7-BF4E-A6FA36842C15}.AppStore|x86.Deploy.0 = Release|Any CPU
		{5BA975FF-51D5-44F7-BF4E-A6FA36842C15}.Debug|Any CPU.ActiveCfg = Debug|Any CPU
		{5BA975FF-51D5-44F7-BF4E-A6FA36842C15}.Debug|Any CPU.Build.0 = Debug|Any CPU
		{5BA975FF-51D5-44F7-BF4E-A6FA36842C15}.Debug|Any CPU.Deploy.0 = Debug|Any CPU
		{5BA975FF-51D5-44F7-BF4E-A6FA36842C15}.Debug|ARM.ActiveCfg = Debug|Any CPU
		{5BA975FF-51D5-44F7-BF4E-A6FA36842C15}.Debug|ARM.Build.0 = Debug|Any CPU
		{5BA975FF-51D5-44F7-BF4E-A6FA36842C15}.Debug|ARM.Deploy.0 = Debug|Any CPU
		{5BA975FF-51D5-44F7-BF4E-A6FA36842C15}.Debug|iPhone.ActiveCfg = Debug|Any CPU
		{5BA975FF-51D5-44F7-BF4E-A6FA36842C15}.Debug|iPhone.Build.0 = Debug|Any CPU
		{5BA975FF-51D5-44F7-BF4E-A6FA36842C15}.Debug|iPhone.Deploy.0 = Debug|Any CPU
		{5BA975FF-51D5-44F7-BF4E-A6FA36842C15}.Debug|iPhoneSimulator.ActiveCfg = Debug|Any CPU
		{5BA975FF-51D5-44F7-BF4E-A6FA36842C15}.Debug|iPhoneSimulator.Build.0 = Debug|Any CPU
		{5BA975FF-51D5-44F7-BF4E-A6FA36842C15}.Debug|iPhoneSimulator.Deploy.0 = Debug|Any CPU
		{5BA975FF-51D5-44F7-BF4E-A6FA36842C15}.Debug|x64.ActiveCfg = Debug|Any CPU
		{5BA975FF-51D5-44F7-BF4E-A6FA36842C15}.Debug|x64.Build.0 = Debug|Any CPU
		{5BA975FF-51D5-44F7-BF4E-A6FA36842C15}.Debug|x64.Deploy.0 = Debug|Any CPU
		{5BA975FF-51D5-44F7-BF4E-A6FA36842C15}.Debug|x86.ActiveCfg = Debug|Any CPU
		{5BA975FF-51D5-44F7-BF4E-A6FA36842C15}.Debug|x86.Build.0 = Debug|Any CPU
		{5BA975FF-51D5-44F7-BF4E-A6FA36842C15}.Debug|x86.Deploy.0 = Debug|Any CPU
		{5BA975FF-51D5-44F7-BF4E-A6FA36842C15}.Release|Any CPU.ActiveCfg = Release|Any CPU
		{5BA975FF-51D5-44F7-BF4E-A6FA36842C15}.Release|Any CPU.Build.0 = Release|Any CPU
		{5BA975FF-51D5-44F7-BF4E-A6FA36842C15}.Release|Any CPU.Deploy.0 = Release|Any CPU
		{5BA975FF-51D5-44F7-BF4E-A6FA36842C15}.Release|ARM.ActiveCfg = Release|Any CPU
		{5BA975FF-51D5-44F7-BF4E-A6FA36842C15}.Release|ARM.Build.0 = Release|Any CPU
		{5BA975FF-51D5-44F7-BF4E-A6FA36842C15}.Release|ARM.Deploy.0 = Release|Any CPU
		{5BA975FF-51D5-44F7-BF4E-A6FA36842C15}.Release|iPhone.ActiveCfg = Release|Any CPU
		{5BA975FF-51D5-44F7-BF4E-A6FA36842C15}.Release|iPhone.Build.0 = Release|Any CPU
		{5BA975FF-51D5-44F7-BF4E-A6FA36842C15}.Release|iPhone.Deploy.0 = Release|Any CPU
		{5BA975FF-51D5-44F7-BF4E-A6FA36842C15}.Release|iPhoneSimulator.ActiveCfg = Release|Any CPU
		{5BA975FF-51D5-44F7-BF4E-A6FA36842C15}.Release|iPhoneSimulator.Build.0 = Release|Any CPU
		{5BA975FF-51D5-44F7-BF4E-A6FA36842C15}.Release|iPhoneSimulator.Deploy.0 = Release|Any CPU
		{5BA975FF-51D5-44F7-BF4E-A6FA36842C15}.Release|x64.ActiveCfg = Release|Any CPU
		{5BA975FF-51D5-44F7-BF4E-A6FA36842C15}.Release|x64.Build.0 = Release|Any CPU
		{5BA975FF-51D5-44F7-BF4E-A6FA36842C15}.Release|x64.Deploy.0 = Release|Any CPU
		{5BA975FF-51D5-44F7-BF4E-A6FA36842C15}.Release|x86.ActiveCfg = Release|Any CPU
		{5BA975FF-51D5-44F7-BF4E-A6FA36842C15}.Release|x86.Build.0 = Release|Any CPU
		{5BA975FF-51D5-44F7-BF4E-A6FA36842C15}.Release|x86.Deploy.0 = Release|Any CPU
	EndGlobalSection
	GlobalSection(SolutionProperties) = preSolution
		HideSolutionNode = FALSE
	EndGlobalSection
EndGlobal
