
Microsoft Visual Studio Solution File, Format Version 12.00
# Visual Studio 14
VisualStudioVersion = 14.0.25420.1
MinimumVisualStudioVersion = 10.0.40219.1
Project("{FAE04EC0-301F-11D3-BF4B-00C04F79EFBC}") = "yes_or_no_camille", "yes-or-no-camille\yes_or_no_camille\yes_or_no_camille.csproj", "{D47F0AE0-1DE9-49AC-B541-B5B25DAAF305}"
EndProject
Project("{FAE04EC0-301F-11D3-BF4B-00C04F79EFBC}") = "yes_or_no_camille.Droid", "yes-or-no-camille\yes_or_no_camille.Droid\yes_or_no_camille.Droid.csproj", "{76F464F9-4032-4DEF-84A8-7868096689C3}"
EndProject
Project("{FAE04EC0-301F-11D3-BF4B-00C04F79EFBC}") = "yes_or_no_camille.UWP", "yes-or-no-camille\yes_or_no_camille.UWP\yes_or_no_camille.UWP.csproj", "{4E3CFA3C-702E-4B60-A9FB-1DDECBA1FB44}"
EndProject
Project("{FAE04EC0-301F-11D3-BF4B-00C04F79EFBC}") = "yes_or_no_camille.Windows", "yes-or-no-camille\yes_or_no_camille.Windows\yes_or_no_camille.Windows.csproj", "{20D6E7B7-B1E8-44E6-9086-A2C3B9D9A5BE}"
EndProject
Global
	GlobalSection(SolutionConfigurationPlatforms) = preSolution
		Ad-Hoc|Any CPU = Ad-Hoc|Any CPU
		Ad-Hoc|ARM = Ad-Hoc|ARM
		Ad-Hoc|iPhone = Ad-Hoc|iPhone
		Ad-Hoc|iPhoneSimulator = Ad-Hoc|iPhoneSimulator
		Ad-Hoc|x64 = Ad-Hoc|x64
		Ad-Hoc|x86 = Ad-Hoc|x86
		AppStore|Any CPU = AppStore|Any CPU
		AppStore|ARM = AppStore|ARM
		AppStore|iPhone = AppStore|iPhone
		AppStore|iPhoneSimulator = AppStore|iPhoneSimulator
		AppStore|x64 = AppStore|x64
		AppStore|x86 = AppStore|x86
		Debug|Any CPU = Debug|Any CPU
		Debug|ARM = Debug|ARM
		Debug|iPhone = Debug|iPhone
		Debug|iPhoneSimulator = Debug|iPhoneSimulator
		Debug|x64 = Debug|x64
		Debug|x86 = Debug|x86
		Release|Any CPU = Release|Any CPU
		Release|ARM = Release|ARM
		Release|iPhone = Release|iPhone
		Release|iPhoneSimulator = Release|iPhoneSimulator
		Release|x64 = Release|x64
		Release|x86 = Release|x86
	EndGlobalSection
	GlobalSection(ProjectConfigurationPlatforms) = postSolution
		{D47F0AE0-1DE9-49AC-B541-B5B25DAAF305}.Ad-Hoc|Any CPU.ActiveCfg = Release|Any CPU
		{D47F0AE0-1DE9-49AC-B541-B5B25DAAF305}.Ad-Hoc|Any CPU.Build.0 = Release|Any CPU
		{D47F0AE0-1DE9-49AC-B541-B5B25DAAF305}.Ad-Hoc|ARM.ActiveCfg = Release|Any CPU
		{D47F0AE0-1DE9-49AC-B541-B5B25DAAF305}.Ad-Hoc|ARM.Build.0 = Release|Any CPU
		{D47F0AE0-1DE9-49AC-B541-B5B25DAAF305}.Ad-Hoc|iPhone.ActiveCfg = Release|Any CPU
		{D47F0AE0-1DE9-49AC-B541-B5B25DAAF305}.Ad-Hoc|iPhone.Build.0 = Release|Any CPU
		{D47F0AE0-1DE9-49AC-B541-B5B25DAAF305}.Ad-Hoc|iPhoneSimulator.ActiveCfg = Release|Any CPU
		{D47F0AE0-1DE9-49AC-B541-B5B25DAAF305}.Ad-Hoc|iPhoneSimulator.Build.0 = Release|Any CPU
		{D47F0AE0-1DE9-49AC-B541-B5B25DAAF305}.Ad-Hoc|x64.ActiveCfg = Release|Any CPU
		{D47F0AE0-1DE9-49AC-B541-B5B25DAAF305}.Ad-Hoc|x64.Build.0 = Release|Any CPU
		{D47F0AE0-1DE9-49AC-B541-B5B25DAAF305}.Ad-Hoc|x86.ActiveCfg = Release|Any CPU
		{D47F0AE0-1DE9-49AC-B541-B5B25DAAF305}.Ad-Hoc|x86.Build.0 = Release|Any CPU
		{D47F0AE0-1DE9-49AC-B541-B5B25DAAF305}.AppStore|Any CPU.ActiveCfg = Release|Any CPU
		{D47F0AE0-1DE9-49AC-B541-B5B25DAAF305}.AppStore|Any CPU.Build.0 = Release|Any CPU
		{D47F0AE0-1DE9-49AC-B541-B5B25DAAF305}.AppStore|ARM.ActiveCfg = Release|Any CPU
		{D47F0AE0-1DE9-49AC-B541-B5B25DAAF305}.AppStore|ARM.Build.0 = Release|Any CPU
		{D47F0AE0-1DE9-49AC-B541-B5B25DAAF305}.AppStore|iPhone.ActiveCfg = Release|Any CPU
		{D47F0AE0-1DE9-49AC-B541-B5B25DAAF305}.AppStore|iPhone.Build.0 = Release|Any CPU
		{D47F0AE0-1DE9-49AC-B541-B5B25DAAF305}.AppStore|iPhoneSimulator.ActiveCfg = Release|Any CPU
		{D47F0AE0-1DE9-49AC-B541-B5B25DAAF305}.AppStore|iPhoneSimulator.Build.0 = Release|Any CPU
		{D47F0AE0-1DE9-49AC-B541-B5B25DAAF305}.AppStore|x64.ActiveCfg = Release|Any CPU
		{D47F0AE0-1DE9-49AC-B541-B5B25DAAF305}.AppStore|x64.Build.0 = Release|Any CPU
		{D47F0AE0-1DE9-49AC-B541-B5B25DAAF305}.AppStore|x86.ActiveCfg = Release|Any CPU
		{D47F0AE0-1DE9-49AC-B541-B5B25DAAF305}.AppStore|x86.Build.0 = Release|Any CPU
		{D47F0AE0-1DE9-49AC-B541-B5B25DAAF305}.Debug|Any CPU.ActiveCfg = Debug|Any CPU
		{D47F0AE0-1DE9-49AC-B541-B5B25DAAF305}.Debug|Any CPU.Build.0 = Debug|Any CPU
		{D47F0AE0-1DE9-49AC-B541-B5B25DAAF305}.Debug|ARM.ActiveCfg = Debug|Any CPU
		{D47F0AE0-1DE9-49AC-B541-B5B25DAAF305}.Debug|ARM.Build.0 = Debug|Any CPU
		{D47F0AE0-1DE9-49AC-B541-B5B25DAAF305}.Debug|iPhone.ActiveCfg = Debug|Any CPU
		{D47F0AE0-1DE9-49AC-B541-B5B25DAAF305}.Debug|iPhone.Build.0 = Debug|Any CPU
		{D47F0AE0-1DE9-49AC-B541-B5B25DAAF305}.Debug|iPhoneSimulator.ActiveCfg = Debug|Any CPU
		{D47F0AE0-1DE9-49AC-B541-B5B25DAAF305}.Debug|iPhoneSimulator.Build.0 = Debug|Any CPU
		{D47F0AE0-1DE9-49AC-B541-B5B25DAAF305}.Debug|x64.ActiveCfg = Debug|Any CPU
		{D47F0AE0-1DE9-49AC-B541-B5B25DAAF305}.Debug|x64.Build.0 = Debug|Any CPU
		{D47F0AE0-1DE9-49AC-B541-B5B25DAAF305}.Debug|x86.ActiveCfg = Debug|Any CPU
		{D47F0AE0-1DE9-49AC-B541-B5B25DAAF305}.Debug|x86.Build.0 = Debug|Any CPU
		{D47F0AE0-1DE9-49AC-B541-B5B25DAAF305}.Release|Any CPU.ActiveCfg = Release|Any CPU
		{D47F0AE0-1DE9-49AC-B541-B5B25DAAF305}.Release|Any CPU.Build.0 = Release|Any CPU
		{D47F0AE0-1DE9-49AC-B541-B5B25DAAF305}.Release|ARM.ActiveCfg = Release|Any CPU
		{D47F0AE0-1DE9-49AC-B541-B5B25DAAF305}.Release|ARM.Build.0 = Release|Any CPU
		{D47F0AE0-1DE9-49AC-B541-B5B25DAAF305}.Release|iPhone.ActiveCfg = Release|Any CPU
		{D47F0AE0-1DE9-49AC-B541-B5B25DAAF305}.Release|iPhone.Build.0 = Release|Any CPU
		{D47F0AE0-1DE9-49AC-B541-B5B25DAAF305}.Release|iPhoneSimulator.ActiveCfg = Release|Any CPU
		{D47F0AE0-1DE9-49AC-B541-B5B25DAAF305}.Release|iPhoneSimulator.Build.0 = Release|Any CPU
		{D47F0AE0-1DE9-49AC-B541-B5B25DAAF305}.Release|x64.ActiveCfg = Release|Any CPU
		{D47F0AE0-1DE9-49AC-B541-B5B25DAAF305}.Release|x64.Build.0 = Release|Any CPU
		{D47F0AE0-1DE9-49AC-B541-B5B25DAAF305}.Release|x86.ActiveCfg = Release|Any CPU
		{D47F0AE0-1DE9-49AC-B541-B5B25DAAF305}.Release|x86.Build.0 = Release|Any CPU
		{76F464F9-4032-4DEF-84A8-7868096689C3}.Ad-Hoc|Any CPU.ActiveCfg = Release|Any CPU
		{76F464F9-4032-4DEF-84A8-7868096689C3}.Ad-Hoc|Any CPU.Build.0 = Release|Any CPU
		{76F464F9-4032-4DEF-84A8-7868096689C3}.Ad-Hoc|Any CPU.Deploy.0 = Release|Any CPU
		{76F464F9-4032-4DEF-84A8-7868096689C3}.Ad-Hoc|ARM.ActiveCfg = Release|Any CPU
		{76F464F9-4032-4DEF-84A8-7868096689C3}.Ad-Hoc|ARM.Build.0 = Release|Any CPU
		{76F464F9-4032-4DEF-84A8-7868096689C3}.Ad-Hoc|ARM.Deploy.0 = Release|Any CPU
		{76F464F9-4032-4DEF-84A8-7868096689C3}.Ad-Hoc|iPhone.ActiveCfg = Release|Any CPU
		{76F464F9-4032-4DEF-84A8-7868096689C3}.Ad-Hoc|iPhone.Build.0 = Release|Any CPU
		{76F464F9-4032-4DEF-84A8-7868096689C3}.Ad-Hoc|iPhone.Deploy.0 = Release|Any CPU
		{76F464F9-4032-4DEF-84A8-7868096689C3}.Ad-Hoc|iPhoneSimulator.ActiveCfg = Release|Any CPU
		{76F464F9-4032-4DEF-84A8-7868096689C3}.Ad-Hoc|iPhoneSimulator.Build.0 = Release|Any CPU
		{76F464F9-4032-4DEF-84A8-7868096689C3}.Ad-Hoc|iPhoneSimulator.Deploy.0 = Release|Any CPU
		{76F464F9-4032-4DEF-84A8-7868096689C3}.Ad-Hoc|x64.ActiveCfg = Release|Any CPU
		{76F464F9-4032-4DEF-84A8-7868096689C3}.Ad-Hoc|x64.Build.0 = Release|Any CPU
		{76F464F9-4032-4DEF-84A8-7868096689C3}.Ad-Hoc|x64.Deploy.0 = Release|Any CPU
		{76F464F9-4032-4DEF-84A8-7868096689C3}.Ad-Hoc|x86.ActiveCfg = Release|Any CPU
		{76F464F9-4032-4DEF-84A8-7868096689C3}.Ad-Hoc|x86.Build.0 = Release|Any CPU
		{76F464F9-4032-4DEF-84A8-7868096689C3}.Ad-Hoc|x86.Deploy.0 = Release|Any CPU
		{76F464F9-4032-4DEF-84A8-7868096689C3}.AppStore|Any CPU.ActiveCfg = Release|Any CPU
		{76F464F9-4032-4DEF-84A8-7868096689C3}.AppStore|Any CPU.Build.0 = Release|Any CPU
		{76F464F9-4032-4DEF-84A8-7868096689C3}.AppStore|Any CPU.Deploy.0 = Release|Any CPU
		{76F464F9-4032-4DEF-84A8-7868096689C3}.AppStore|ARM.ActiveCfg = Release|Any CPU
		{76F464F9-4032-4DEF-84A8-7868096689C3}.AppStore|ARM.Build.0 = Release|Any CPU
		{76F464F9-4032-4DEF-84A8-7868096689C3}.AppStore|ARM.Deploy.0 = Release|Any CPU
		{76F464F9-4032-4DEF-84A8-7868096689C3}.AppStore|iPhone.ActiveCfg = Release|Any CPU
		{76F464F9-4032-4DEF-84A8-7868096689C3}.AppStore|iPhone.Build.0 = Release|Any CPU
		{76F464F9-4032-4DEF-84A8-7868096689C3}.AppStore|iPhone.Deploy.0 = Release|Any CPU
		{76F464F9-4032-4DEF-84A8-7868096689C3}.AppStore|iPhoneSimulator.ActiveCfg = Release|Any CPU
		{76F464F9-4032-4DEF-84A8-7868096689C3}.AppStore|iPhoneSimulator.Build.0 = Release|Any CPU
		{76F464F9-4032-4DEF-84A8-7868096689C3}.AppStore|iPhoneSimulator.Deploy.0 = Release|Any CPU
		{76F464F9-4032-4DEF-84A8-7868096689C3}.AppStore|x64.ActiveCfg = Release|Any CPU
		{76F464F9-4032-4DEF-84A8-7868096689C3}.AppStore|x64.Build.0 = Release|Any CPU
		{76F464F9-4032-4DEF-84A8-7868096689C3}.AppStore|x64.Deploy.0 = Release|Any CPU
		{76F464F9-4032-4DEF-84A8-7868096689C3}.AppStore|x86.ActiveCfg = Release|Any CPU
		{76F464F9-4032-4DEF-84A8-7868096689C3}.AppStore|x86.Build.0 = Release|Any CPU
		{76F464F9-4032-4DEF-84A8-7868096689C3}.AppStore|x86.Deploy.0 = Release|Any CPU
		{76F464F9-4032-4DEF-84A8-7868096689C3}.Debug|Any CPU.ActiveCfg = Debug|Any CPU
		{76F464F9-4032-4DEF-84A8-7868096689C3}.Debug|Any CPU.Build.0 = Debug|Any CPU
		{76F464F9-4032-4DEF-84A8-7868096689C3}.Debug|Any CPU.Deploy.0 = Debug|Any CPU
		{76F464F9-4032-4DEF-84A8-7868096689C3}.Debug|ARM.ActiveCfg = Debug|Any CPU
		{76F464F9-4032-4DEF-84A8-7868096689C3}.Debug|ARM.Build.0 = Debug|Any CPU
		{76F464F9-4032-4DEF-84A8-7868096689C3}.Debug|ARM.Deploy.0 = Debug|Any CPU
		{76F464F9-4032-4DEF-84A8-7868096689C3}.Debug|iPhone.ActiveCfg = Debug|Any CPU
		{76F464F9-4032-4DEF-84A8-7868096689C3}.Debug|iPhone.Build.0 = Debug|Any CPU
		{76F464F9-4032-4DEF-84A8-7868096689C3}.Debug|iPhone.Deploy.0 = Debug|Any CPU
		{76F464F9-4032-4DEF-84A8-7868096689C3}.Debug|iPhoneSimulator.ActiveCfg = Debug|Any CPU
		{76F464F9-4032-4DEF-84A8-7868096689C3}.Debug|iPhoneSimulator.Build.0 = Debug|Any CPU
		{76F464F9-4032-4DEF-84A8-7868096689C3}.Debug|iPhoneSimulator.Deploy.0 = Debug|Any CPU
		{76F464F9-4032-4DEF-84A8-7868096689C3}.Debug|x64.ActiveCfg = Debug|Any CPU
		{76F464F9-4032-4DEF-84A8-7868096689C3}.Debug|x64.Build.0 = Debug|Any CPU
		{76F464F9-4032-4DEF-84A8-7868096689C3}.Debug|x64.Deploy.0 = Debug|Any CPU
		{76F464F9-4032-4DEF-84A8-7868096689C3}.Debug|x86.ActiveCfg = Debug|Any CPU
		{76F464F9-4032-4DEF-84A8-7868096689C3}.Debug|x86.Build.0 = Debug|Any CPU
		{76F464F9-4032-4DEF-84A8-7868096689C3}.Debug|x86.Deploy.0 = Debug|Any CPU
		{76F464F9-4032-4DEF-84A8-7868096689C3}.Release|Any CPU.ActiveCfg = Release|Any CPU
		{76F464F9-4032-4DEF-84A8-7868096689C3}.Release|Any CPU.Build.0 = Release|Any CPU
		{76F464F9-4032-4DEF-84A8-7868096689C3}.Release|Any CPU.Deploy.0 = Release|Any CPU
		{76F464F9-4032-4DEF-84A8-7868096689C3}.Release|ARM.ActiveCfg = Release|Any CPU
		{76F464F9-4032-4DEF-84A8-7868096689C3}.Release|ARM.Build.0 = Release|Any CPU
		{76F464F9-4032-4DEF-84A8-7868096689C3}.Release|ARM.Deploy.0 = Release|Any CPU
		{76F464F9-4032-4DEF-84A8-7868096689C3}.Release|iPhone.ActiveCfg = Release|Any CPU
		{76F464F9-4032-4DEF-84A8-7868096689C3}.Release|iPhone.Build.0 = Release|Any CPU
		{76F464F9-4032-4DEF-84A8-7868096689C3}.Release|iPhone.Deploy.0 = Release|Any CPU
		{76F464F9-4032-4DEF-84A8-7868096689C3}.Release|iPhoneSimulator.ActiveCfg = Release|Any CPU
		{76F464F9-4032-4DEF-84A8-7868096689C3}.Release|iPhoneSimulator.Build.0 = Release|Any CPU
		{76F464F9-4032-4DEF-84A8-7868096689C3}.Release|iPhoneSimulator.Deploy.0 = Release|Any CPU
		{76F464F9-4032-4DEF-84A8-7868096689C3}.Release|x64.ActiveCfg = Release|Any CPU
		{76F464F9-4032-4DEF-84A8-7868096689C3}.Release|x64.Build.0 = Release|Any CPU
		{76F464F9-4032-4DEF-84A8-7868096689C3}.Release|x64.Deploy.0 = Release|Any CPU
		{76F464F9-4032-4DEF-84A8-7868096689C3}.Release|x86.ActiveCfg = Release|Any CPU
		{76F464F9-4032-4DEF-84A8-7868096689C3}.Release|x86.Build.0 = Release|Any CPU
		{76F464F9-4032-4DEF-84A8-7868096689C3}.Release|x86.Deploy.0 = Release|Any CPU
		{4E3CFA3C-702E-4B60-A9FB-1DDECBA1FB44}.Ad-Hoc|Any CPU.ActiveCfg = Release|x86
		{4E3CFA3C-702E-4B60-A9FB-1DDECBA1FB44}.Ad-Hoc|Any CPU.Build.0 = Release|x86
		{4E3CFA3C-702E-4B60-A9FB-1DDECBA1FB44}.Ad-Hoc|Any CPU.Deploy.0 = Release|x86
		{4E3CFA3C-702E-4B60-A9FB-1DDECBA1FB44}.Ad-Hoc|ARM.ActiveCfg = Release|ARM
		{4E3CFA3C-702E-4B60-A9FB-1DDECBA1FB44}.Ad-Hoc|ARM.Build.0 = Release|ARM
		{4E3CFA3C-702E-4B60-A9FB-1DDECBA1FB44}.Ad-Hoc|ARM.Deploy.0 = Release|ARM
		{4E3CFA3C-702E-4B60-A9FB-1DDECBA1FB44}.Ad-Hoc|iPhone.ActiveCfg = Release|x86
		{4E3CFA3C-702E-4B60-A9FB-1DDECBA1FB44}.Ad-Hoc|iPhone.Build.0 = Release|x86
		{4E3CFA3C-702E-4B60-A9FB-1DDECBA1FB44}.Ad-Hoc|iPhone.Deploy.0 = Release|x86
		{4E3CFA3C-702E-4B60-A9FB-1DDECBA1FB44}.Ad-Hoc|iPhoneSimulator.ActiveCfg = Release|x86
		{4E3CFA3C-702E-4B60-A9FB-1DDECBA1FB44}.Ad-Hoc|iPhoneSimulator.Build.0 = Release|x86
		{4E3CFA3C-702E-4B60-A9FB-1DDECBA1FB44}.Ad-Hoc|iPhoneSimulator.Deploy.0 = Release|x86
		{4E3CFA3C-702E-4B60-A9FB-1DDECBA1FB44}.Ad-Hoc|x64.ActiveCfg = Release|x64
		{4E3CFA3C-702E-4B60-A9FB-1DDECBA1FB44}.Ad-Hoc|x64.Build.0 = Release|x64
		{4E3CFA3C-702E-4B60-A9FB-1DDECBA1FB44}.Ad-Hoc|x64.Deploy.0 = Release|x64
		{4E3CFA3C-702E-4B60-A9FB-1DDECBA1FB44}.Ad-Hoc|x86.ActiveCfg = Release|x86
		{4E3CFA3C-702E-4B60-A9FB-1DDECBA1FB44}.Ad-Hoc|x86.Build.0 = Release|x86
		{4E3CFA3C-702E-4B60-A9FB-1DDECBA1FB44}.Ad-Hoc|x86.Deploy.0 = Release|x86
		{4E3CFA3C-702E-4B60-A9FB-1DDECBA1FB44}.AppStore|Any CPU.ActiveCfg = Release|x86
		{4E3CFA3C-702E-4B60-A9FB-1DDECBA1FB44}.AppStore|Any CPU.Build.0 = Release|x86
		{4E3CFA3C-702E-4B60-A9FB-1DDECBA1FB44}.AppStore|Any CPU.Deploy.0 = Release|x86
		{4E3CFA3C-702E-4B60-A9FB-1DDECBA1FB44}.AppStore|ARM.ActiveCfg = Release|ARM
		{4E3CFA3C-702E-4B60-A9FB-1DDECBA1FB44}.AppStore|ARM.Build.0 = Release|ARM
		{4E3CFA3C-702E-4B60-A9FB-1DDECBA1FB44}.AppStore|ARM.Deploy.0 = Release|ARM
		{4E3CFA3C-702E-4B60-A9FB-1DDECBA1FB44}.AppStore|iPhone.ActiveCfg = Release|x86
		{4E3CFA3C-702E-4B60-A9FB-1DDECBA1FB44}.AppStore|iPhone.Build.0 = Release|x86
		{4E3CFA3C-702E-4B60-A9FB-1DDECBA1FB44}.AppStore|iPhone.Deploy.0 = Release|x86
		{4E3CFA3C-702E-4B60-A9FB-1DDECBA1FB44}.AppStore|iPhoneSimulator.ActiveCfg = Release|x86
		{4E3CFA3C-702E-4B60-A9FB-1DDECBA1FB44}.AppStore|iPhoneSimulator.Build.0 = Release|x86
		{4E3CFA3C-702E-4B60-A9FB-1DDECBA1FB44}.AppStore|iPhoneSimulator.Deploy.0 = Release|x86
		{4E3CFA3C-702E-4B60-A9FB-1DDECBA1FB44}.AppStore|x64.ActiveCfg = Release|x64
		{4E3CFA3C-702E-4B60-A9FB-1DDECBA1FB44}.AppStore|x64.Build.0 = Release|x64
		{4E3CFA3C-702E-4B60-A9FB-1DDECBA1FB44}.AppStore|x64.Deploy.0 = Release|x64
		{4E3CFA3C-702E-4B60-A9FB-1DDECBA1FB44}.AppStore|x86.ActiveCfg = Release|x86
		{4E3CFA3C-702E-4B60-A9FB-1DDECBA1FB44}.AppStore|x86.Build.0 = Release|x86
		{4E3CFA3C-702E-4B60-A9FB-1DDECBA1FB44}.AppStore|x86.Deploy.0 = Release|x86
		{4E3CFA3C-702E-4B60-A9FB-1DDECBA1FB44}.Debug|Any CPU.ActiveCfg = Debug|x86
		{4E3CFA3C-702E-4B60-A9FB-1DDECBA1FB44}.Debug|ARM.ActiveCfg = Debug|ARM
		{4E3CFA3C-702E-4B60-A9FB-1DDECBA1FB44}.Debug|ARM.Build.0 = Debug|ARM
		{4E3CFA3C-702E-4B60-A9FB-1DDECBA1FB44}.Debug|ARM.Deploy.0 = Debug|ARM
		{4E3CFA3C-702E-4B60-A9FB-1DDECBA1FB44}.Debug|iPhone.ActiveCfg = Debug|x86
		{4E3CFA3C-702E-4B60-A9FB-1DDECBA1FB44}.Debug|iPhoneSimulator.ActiveCfg = Debug|x86
		{4E3CFA3C-702E-4B60-A9FB-1DDECBA1FB44}.Debug|x64.ActiveCfg = Debug|x64
		{4E3CFA3C-702E-4B60-A9FB-1DDECBA1FB44}.Debug|x64.Build.0 = Debug|x64
		{4E3CFA3C-702E-4B60-A9FB-1DDECBA1FB44}.Debug|x64.Deploy.0 = Debug|x64
		{4E3CFA3C-702E-4B60-A9FB-1DDECBA1FB44}.Debug|x86.ActiveCfg = Debug|x86
		{4E3CFA3C-702E-4B60-A9FB-1DDECBA1FB44}.Debug|x86.Build.0 = Debug|x86
		{4E3CFA3C-702E-4B60-A9FB-1DDECBA1FB44}.Debug|x86.Deploy.0 = Debug|x86
		{4E3CFA3C-702E-4B60-A9FB-1DDECBA1FB44}.Release|Any CPU.ActiveCfg = Release|x86
		{4E3CFA3C-702E-4B60-A9FB-1DDECBA1FB44}.Release|ARM.ActiveCfg = Release|ARM
		{4E3CFA3C-702E-4B60-A9FB-1DDECBA1FB44}.Release|ARM.Build.0 = Release|ARM
		{4E3CFA3C-702E-4B60-A9FB-1DDECBA1FB44}.Release|ARM.Deploy.0 = Release|ARM
		{4E3CFA3C-702E-4B60-A9FB-1DDECBA1FB44}.Release|iPhone.ActiveCfg = Release|x86
		{4E3CFA3C-702E-4B60-A9FB-1DDECBA1FB44}.Release|iPhoneSimulator.ActiveCfg = Release|x86
		{4E3CFA3C-702E-4B60-A9FB-1DDECBA1FB44}.Release|x64.ActiveCfg = Release|x64
		{4E3CFA3C-702E-4B60-A9FB-1DDECBA1FB44}.Release|x64.Build.0 = Release|x64
		{4E3CFA3C-702E-4B60-A9FB-1DDECBA1FB44}.Release|x64.Deploy.0 = Release|x64
		{4E3CFA3C-702E-4B60-A9FB-1DDECBA1FB44}.Release|x86.ActiveCfg = Release|x86
		{4E3CFA3C-702E-4B60-A9FB-1DDECBA1FB44}.Release|x86.Build.0 = Release|x86
		{4E3CFA3C-702E-4B60-A9FB-1DDECBA1FB44}.Release|x86.Deploy.0 = Release|x86
		{20D6E7B7-B1E8-44E6-9086-A2C3B9D9A5BE}.Ad-Hoc|Any CPU.ActiveCfg = Release|Any CPU
		{20D6E7B7-B1E8-44E6-9086-A2C3B9D9A5BE}.Ad-Hoc|Any CPU.Build.0 = Release|Any CPU
		{20D6E7B7-B1E8-44E6-9086-A2C3B9D9A5BE}.Ad-Hoc|Any CPU.Deploy.0 = Release|Any CPU
		{20D6E7B7-B1E8-44E6-9086-A2C3B9D9A5BE}.Ad-Hoc|ARM.ActiveCfg = Release|ARM
		{20D6E7B7-B1E8-44E6-9086-A2C3B9D9A5BE}.Ad-Hoc|ARM.Build.0 = Release|ARM
		{20D6E7B7-B1E8-44E6-9086-A2C3B9D9A5BE}.Ad-Hoc|ARM.Deploy.0 = Release|ARM
		{20D6E7B7-B1E8-44E6-9086-A2C3B9D9A5BE}.Ad-Hoc|iPhone.ActiveCfg = Release|Any CPU
		{20D6E7B7-B1E8-44E6-9086-A2C3B9D9A5BE}.Ad-Hoc|iPhone.Build.0 = Release|Any CPU
		{20D6E7B7-B1E8-44E6-9086-A2C3B9D9A5BE}.Ad-Hoc|iPhone.Deploy.0 = Release|Any CPU
		{20D6E7B7-B1E8-44E6-9086-A2C3B9D9A5BE}.Ad-Hoc|iPhoneSimulator.ActiveCfg = Release|Any CPU
		{20D6E7B7-B1E8-44E6-9086-A2C3B9D9A5BE}.Ad-Hoc|iPhoneSimulator.Build.0 = Release|Any CPU
		{20D6E7B7-B1E8-44E6-9086-A2C3B9D9A5BE}.Ad-Hoc|iPhoneSimulator.Deploy.0 = Release|Any CPU
		{20D6E7B7-B1E8-44E6-9086-A2C3B9D9A5BE}.Ad-Hoc|x64.ActiveCfg = Release|x64
		{20D6E7B7-B1E8-44E6-9086-A2C3B9D9A5BE}.Ad-Hoc|x64.Build.0 = Release|x64
		{20D6E7B7-B1E8-44E6-9086-A2C3B9D9A5BE}.Ad-Hoc|x64.Deploy.0 = Release|x64
		{20D6E7B7-B1E8-44E6-9086-A2C3B9D9A5BE}.Ad-Hoc|x86.ActiveCfg = Release|x86
		{20D6E7B7-B1E8-44E6-9086-A2C3B9D9A5BE}.Ad-Hoc|x86.Build.0 = Release|x86
		{20D6E7B7-B1E8-44E6-9086-A2C3B9D9A5BE}.Ad-Hoc|x86.Deploy.0 = Release|x86
		{20D6E7B7-B1E8-44E6-9086-A2C3B9D9A5BE}.AppStore|Any CPU.ActiveCfg = Release|Any CPU
		{20D6E7B7-B1E8-44E6-9086-A2C3B9D9A5BE}.AppStore|Any CPU.Build.0 = Release|Any CPU
		{20D6E7B7-B1E8-44E6-9086-A2C3B9D9A5BE}.AppStore|Any CPU.Deploy.0 = Release|Any CPU
		{20D6E7B7-B1E8-44E6-9086-A2C3B9D9A5BE}.AppStore|ARM.ActiveCfg = Release|ARM
		{20D6E7B7-B1E8-44E6-9086-A2C3B9D9A5BE}.AppStore|ARM.Build.0 = Release|ARM
		{20D6E7B7-B1E8-44E6-9086-A2C3B9D9A5BE}.AppStore|ARM.Deploy.0 = Release|ARM
		{20D6E7B7-B1E8-44E6-9086-A2C3B9D9A5BE}.AppStore|iPhone.ActiveCfg = Release|Any CPU
		{20D6E7B7-B1E8-44E6-9086-A2C3B9D9A5BE}.AppStore|iPhone.Build.0 = Release|Any CPU
		{20D6E7B7-B1E8-44E6-9086-A2C3B9D9A5BE}.AppStore|iPhone.Deploy.0 = Release|Any CPU
		{20D6E7B7-B1E8-44E6-9086-A2C3B9D9A5BE}.AppStore|iPhoneSimulator.ActiveCfg = Release|Any CPU
		{20D6E7B7-B1E8-44E6-9086-A2C3B9D9A5BE}.AppStore|iPhoneSimulator.Build.0 = Release|Any CPU
		{20D6E7B7-B1E8-44E6-9086-A2C3B9D9A5BE}.AppStore|iPhoneSimulator.Deploy.0 = Release|Any CPU
		{20D6E7B7-B1E8-44E6-9086-A2C3B9D9A5BE}.AppStore|x64.ActiveCfg = Release|x64
		{20D6E7B7-B1E8-44E6-9086-A2C3B9D9A5BE}.AppStore|x64.Build.0 = Release|x64
		{20D6E7B7-B1E8-44E6-9086-A2C3B9D9A5BE}.AppStore|x64.Deploy.0 = Release|x64
		{20D6E7B7-B1E8-44E6-9086-A2C3B9D9A5BE}.AppStore|x86.ActiveCfg = Release|x86
		{20D6E7B7-B1E8-44E6-9086-A2C3B9D9A5BE}.AppStore|x86.Build.0 = Release|x86
		{20D6E7B7-B1E8-44E6-9086-A2C3B9D9A5BE}.AppStore|x86.Deploy.0 = Release|x86
		{20D6E7B7-B1E8-44E6-9086-A2C3B9D9A5BE}.Debug|Any CPU.ActiveCfg = Debug|Any CPU
		{20D6E7B7-B1E8-44E6-9086-A2C3B9D9A5BE}.Debug|Any CPU.Build.0 = Debug|Any CPU
		{20D6E7B7-B1E8-44E6-9086-A2C3B9D9A5BE}.Debug|Any CPU.Deploy.0 = Debug|Any CPU
		{20D6E7B7-B1E8-44E6-9086-A2C3B9D9A5BE}.Debug|ARM.ActiveCfg = Debug|ARM
		{20D6E7B7-B1E8-44E6-9086-A2C3B9D9A5BE}.Debug|ARM.Build.0 = Debug|ARM
		{20D6E7B7-B1E8-44E6-9086-A2C3B9D9A5BE}.Debug|ARM.Deploy.0 = Debug|ARM
		{20D6E7B7-B1E8-44E6-9086-A2C3B9D9A5BE}.Debug|iPhone.ActiveCfg = Debug|Any CPU
		{20D6E7B7-B1E8-44E6-9086-A2C3B9D9A5BE}.Debug|iPhone.Build.0 = Debug|Any CPU
		{20D6E7B7-B1E8-44E6-9086-A2C3B9D9A5BE}.Debug|iPhone.Deploy.0 = Debug|Any CPU
		{20D6E7B7-B1E8-44E6-9086-A2C3B9D9A5BE}.Debug|iPhoneSimulator.ActiveCfg = Debug|Any CPU
		{20D6E7B7-B1E8-44E6-9086-A2C3B9D9A5BE}.Debug|iPhoneSimulator.Build.0 = Debug|Any CPU
		{20D6E7B7-B1E8-44E6-9086-A2C3B9D9A5BE}.Debug|iPhoneSimulator.Deploy.0 = Debug|Any CPU
		{20D6E7B7-B1E8-44E6-9086-A2C3B9D9A5BE}.Debug|x64.ActiveCfg = Debug|x64
		{20D6E7B7-B1E8-44E6-9086-A2C3B9D9A5BE}.Debug|x64.Build.0 = Debug|x64
		{20D6E7B7-B1E8-44E6-9086-A2C3B9D9A5BE}.Debug|x64.Deploy.0 = Debug|x64
		{20D6E7B7-B1E8-44E6-9086-A2C3B9D9A5BE}.Debug|x86.ActiveCfg = Debug|x86
		{20D6E7B7-B1E8-44E6-9086-A2C3B9D9A5BE}.Debug|x86.Build.0 = Debug|x86
		{20D6E7B7-B1E8-44E6-9086-A2C3B9D9A5BE}.Debug|x86.Deploy.0 = Debug|x86
		{20D6E7B7-B1E8-44E6-9086-A2C3B9D9A5BE}.Release|Any CPU.ActiveCfg = Release|Any CPU
		{20D6E7B7-B1E8-44E6-9086-A2C3B9D9A5BE}.Release|Any CPU.Build.0 = Release|Any CPU
		{20D6E7B7-B1E8-44E6-9086-A2C3B9D9A5BE}.Release|Any CPU.Deploy.0 = Release|Any CPU
		{20D6E7B7-B1E8-44E6-9086-A2C3B9D9A5BE}.Release|ARM.ActiveCfg = Release|ARM
		{20D6E7B7-B1E8-44E6-9086-A2C3B9D9A5BE}.Release|ARM.Build.0 = Release|ARM
		{20D6E7B7-B1E8-44E6-9086-A2C3B9D9A5BE}.Release|ARM.Deploy.0 = Release|ARM
		{20D6E7B7-B1E8-44E6-9086-A2C3B9D9A5BE}.Release|iPhone.ActiveCfg = Release|Any CPU
		{20D6E7B7-B1E8-44E6-9086-A2C3B9D9A5BE}.Release|iPhone.Build.0 = Release|Any CPU
		{20D6E7B7-B1E8-44E6-9086-A2C3B9D9A5BE}.Release|iPhone.Deploy.0 = Release|Any CPU
		{20D6E7B7-B1E8-44E6-9086-A2C3B9D9A5BE}.Release|iPhoneSimulator.ActiveCfg = Release|Any CPU
		{20D6E7B7-B1E8-44E6-9086-A2C3B9D9A5BE}.Release|iPhoneSimulator.Build.0 = Release|Any CPU
		{20D6E7B7-B1E8-44E6-9086-A2C3B9D9A5BE}.Release|iPhoneSimulator.Deploy.0 = Release|Any CPU
		{20D6E7B7-B1E8-44E6-9086-A2C3B9D9A5BE}.Release|x64.ActiveCfg = Release|x64
		{20D6E7B7-B1E8-44E6-9086-A2C3B9D9A5BE}.Release|x64.Build.0 = Release|x64
		{20D6E7B7-B1E8-44E6-9086-A2C3B9D9A5BE}.Release|x64.Deploy.0 = Release|x64
		{20D6E7B7-B1E8-44E6-9086-A2C3B9D9A5BE}.Release|x86.ActiveCfg = Release|x86
		{20D6E7B7-B1E8-44E6-9086-A2C3B9D9A5BE}.Release|x86.Build.0 = Release|x86
		{20D6E7B7-B1E8-44E6-9086-A2C3B9D9A5BE}.Release|x86.Deploy.0 = Release|x86
	EndGlobalSection
	GlobalSection(SolutionProperties) = preSolution
		HideSolutionNode = FALSE
	EndGlobalSection
EndGlobal
