
Microsoft Visual Studio Solution File, Format Version 12.00
# Visual Studio 14
VisualStudioVersion = 14.0.25420.1
MinimumVisualStudioVersion = 10.0.40219.1
Project("{FAE04EC0-301F-11D3-BF4B-00C04F79EFBC}") = "yes_or_no_camille", "yes-or-no-camille\yes_or_no_camille\yes_or_no_camille.csproj", "{44676EC3-5ABC-4DD7-B3FC-712451CD1BBE}"
EndProject
Project("{FAE04EC0-301F-11D3-BF4B-00C04F79EFBC}") = "yes_or_no_camille.Droid", "yes-or-no-camille\yes_or_no_camille.Droid\yes_or_no_camille.Droid.csproj", "{A88B38FE-2117-4B56-8764-0F00343022EB}"
EndProject
Project("{FAE04EC0-301F-11D3-BF4B-00C04F79EFBC}") = "yes_or_no_camille.Windows", "yes-or-no-camille\yes_or_no_camille.Windows\yes_or_no_camille.Windows.csproj", "{78D473CA-4145-4C83-852D-48CDBC3EDA5B}"
EndProject
Global
	GlobalSection(SolutionConfigurationPlatforms) = preSolution
		Ad-Hoc|Any CPU = Ad-Hoc|Any CPU
		Ad-Hoc|ARM = Ad-Hoc|ARM
		Ad-Hoc|iPhone = Ad-Hoc|iPhone
		Ad-Hoc|iPhoneSimulator = Ad-Hoc|iPhoneSimulator
		Ad-Hoc|x64 = Ad-Hoc|x64
		Ad-Hoc|x86 = Ad-Hoc|x86
		AppStore|Any CPU = AppStore|Any CPU
		AppStore|ARM = AppStore|ARM
		AppStore|iPhone = AppStore|iPhone
		AppStore|iPhoneSimulator = AppStore|iPhoneSimulator
		AppStore|x64 = AppStore|x64
		AppStore|x86 = AppStore|x86
		Debug|Any CPU = Debug|Any CPU
		Debug|ARM = Debug|ARM
		Debug|iPhone = Debug|iPhone
		Debug|iPhoneSimulator = Debug|iPhoneSimulator
		Debug|x64 = Debug|x64
		Debug|x86 = Debug|x86
		Release|Any CPU = Release|Any CPU
		Release|ARM = Release|ARM
		Release|iPhone = Release|iPhone
		Release|iPhoneSimulator = Release|iPhoneSimulator
		Release|x64 = Release|x64
		Release|x86 = Release|x86
	EndGlobalSection
	GlobalSection(ProjectConfigurationPlatforms) = postSolution
		{44676EC3-5ABC-4DD7-B3FC-712451CD1BBE}.Ad-Hoc|Any CPU.ActiveCfg = Release|Any CPU
		{44676EC3-5ABC-4DD7-B3FC-712451CD1BBE}.Ad-Hoc|Any CPU.Build.0 = Release|Any CPU
		{44676EC3-5ABC-4DD7-B3FC-712451CD1BBE}.Ad-Hoc|ARM.ActiveCfg = Release|Any CPU
		{44676EC3-5ABC-4DD7-B3FC-712451CD1BBE}.Ad-Hoc|ARM.Build.0 = Release|Any CPU
		{44676EC3-5ABC-4DD7-B3FC-712451CD1BBE}.Ad-Hoc|iPhone.ActiveCfg = Release|Any CPU
		{44676EC3-5ABC-4DD7-B3FC-712451CD1BBE}.Ad-Hoc|iPhone.Build.0 = Release|Any CPU
		{44676EC3-5ABC-4DD7-B3FC-712451CD1BBE}.Ad-Hoc|iPhoneSimulator.ActiveCfg = Release|Any CPU
		{44676EC3-5ABC-4DD7-B3FC-712451CD1BBE}.Ad-Hoc|iPhoneSimulator.Build.0 = Release|Any CPU
		{44676EC3-5ABC-4DD7-B3FC-712451CD1BBE}.Ad-Hoc|x64.ActiveCfg = Release|Any CPU
		{44676EC3-5ABC-4DD7-B3FC-712451CD1BBE}.Ad-Hoc|x64.Build.0 = Release|Any CPU
		{44676EC3-5ABC-4DD7-B3FC-712451CD1BBE}.Ad-Hoc|x86.ActiveCfg = Release|Any CPU
		{44676EC3-5ABC-4DD7-B3FC-712451CD1BBE}.Ad-Hoc|x86.Build.0 = Release|Any CPU
		{44676EC3-5ABC-4DD7-B3FC-712451CD1BBE}.AppStore|Any CPU.ActiveCfg = Release|Any CPU
		{44676EC3-5ABC-4DD7-B3FC-712451CD1BBE}.AppStore|Any CPU.Build.0 = Release|Any CPU
		{44676EC3-5ABC-4DD7-B3FC-712451CD1BBE}.AppStore|ARM.ActiveCfg = Release|Any CPU
		{44676EC3-5ABC-4DD7-B3FC-712451CD1BBE}.AppStore|ARM.Build.0 = Release|Any CPU
		{44676EC3-5ABC-4DD7-B3FC-712451CD1BBE}.AppStore|iPhone.ActiveCfg = Release|Any CPU
		{44676EC3-5ABC-4DD7-B3FC-712451CD1BBE}.AppStore|iPhone.Build.0 = Release|Any CPU
		{44676EC3-5ABC-4DD7-B3FC-712451CD1BBE}.AppStore|iPhoneSimulator.ActiveCfg = Release|Any CPU
		{44676EC3-5ABC-4DD7-B3FC-712451CD1BBE}.AppStore|iPhoneSimulator.Build.0 = Release|Any CPU
		{44676EC3-5ABC-4DD7-B3FC-712451CD1BBE}.AppStore|x64.ActiveCfg = Release|Any CPU
		{44676EC3-5ABC-4DD7-B3FC-712451CD1BBE}.AppStore|x64.Build.0 = Release|Any CPU
		{44676EC3-5ABC-4DD7-B3FC-712451CD1BBE}.AppStore|x86.ActiveCfg = Release|Any CPU
		{44676EC3-5ABC-4DD7-B3FC-712451CD1BBE}.AppStore|x86.Build.0 = Release|Any CPU
		{44676EC3-5ABC-4DD7-B3FC-712451CD1BBE}.Debug|Any CPU.ActiveCfg = Debug|Any CPU
		{44676EC3-5ABC-4DD7-B3FC-712451CD1BBE}.Debug|Any CPU.Build.0 = Debug|Any CPU
		{44676EC3-5ABC-4DD7-B3FC-712451CD1BBE}.Debug|ARM.ActiveCfg = Debug|Any CPU
		{44676EC3-5ABC-4DD7-B3FC-712451CD1BBE}.Debug|ARM.Build.0 = Debug|Any CPU
		{44676EC3-5ABC-4DD7-B3FC-712451CD1BBE}.Debug|iPhone.ActiveCfg = Debug|Any CPU
		{44676EC3-5ABC-4DD7-B3FC-712451CD1BBE}.Debug|iPhone.Build.0 = Debug|Any CPU
		{44676EC3-5ABC-4DD7-B3FC-712451CD1BBE}.Debug|iPhoneSimulator.ActiveCfg = Debug|Any CPU
		{44676EC3-5ABC-4DD7-B3FC-712451CD1BBE}.Debug|iPhoneSimulator.Build.0 = Debug|Any CPU
		{44676EC3-5ABC-4DD7-B3FC-712451CD1BBE}.Debug|x64.ActiveCfg = Debug|Any CPU
		{44676EC3-5ABC-4DD7-B3FC-712451CD1BBE}.Debug|x64.Build.0 = Debug|Any CPU
		{44676EC3-5ABC-4DD7-B3FC-712451CD1BBE}.Debug|x86.ActiveCfg = Debug|Any CPU
		{44676EC3-5ABC-4DD7-B3FC-712451CD1BBE}.Debug|x86.Build.0 = Debug|Any CPU
		{44676EC3-5ABC-4DD7-B3FC-712451CD1BBE}.Release|Any CPU.ActiveCfg = Release|Any CPU
		{44676EC3-5ABC-4DD7-B3FC-712451CD1BBE}.Release|Any CPU.Build.0 = Release|Any CPU
		{44676EC3-5ABC-4DD7-B3FC-712451CD1BBE}.Release|ARM.ActiveCfg = Release|Any CPU
		{44676EC3-5ABC-4DD7-B3FC-712451CD1BBE}.Release|ARM.Build.0 = Release|Any CPU
		{44676EC3-5ABC-4DD7-B3FC-712451CD1BBE}.Release|iPhone.ActiveCfg = Release|Any CPU
		{44676EC3-5ABC-4DD7-B3FC-712451CD1BBE}.Release|iPhone.Build.0 = Release|Any CPU
		{44676EC3-5ABC-4DD7-B3FC-712451CD1BBE}.Release|iPhoneSimulator.ActiveCfg = Release|Any CPU
		{44676EC3-5ABC-4DD7-B3FC-712451CD1BBE}.Release|iPhoneSimulator.Build.0 = Release|Any CPU
		{44676EC3-5ABC-4DD7-B3FC-712451CD1BBE}.Release|x64.ActiveCfg = Release|Any CPU
		{44676EC3-5ABC-4DD7-B3FC-712451CD1BBE}.Release|x64.Build.0 = Release|Any CPU
		{44676EC3-5ABC-4DD7-B3FC-712451CD1BBE}.Release|x86.ActiveCfg = Release|Any CPU
		{44676EC3-5ABC-4DD7-B3FC-712451CD1BBE}.Release|x86.Build.0 = Release|Any CPU
		{A88B38FE-2117-4B56-8764-0F00343022EB}.Ad-Hoc|Any CPU.ActiveCfg = Release|Any CPU
		{A88B38FE-2117-4B56-8764-0F00343022EB}.Ad-Hoc|Any CPU.Build.0 = Release|Any CPU
		{A88B38FE-2117-4B56-8764-0F00343022EB}.Ad-Hoc|Any CPU.Deploy.0 = Release|Any CPU
		{A88B38FE-2117-4B56-8764-0F00343022EB}.Ad-Hoc|ARM.ActiveCfg = Release|Any CPU
		{A88B38FE-2117-4B56-8764-0F00343022EB}.Ad-Hoc|ARM.Build.0 = Release|Any CPU
		{A88B38FE-2117-4B56-8764-0F00343022EB}.Ad-Hoc|ARM.Deploy.0 = Release|Any CPU
		{A88B38FE-2117-4B56-8764-0F00343022EB}.Ad-Hoc|iPhone.ActiveCfg = Release|Any CPU
		{A88B38FE-2117-4B56-8764-0F00343022EB}.Ad-Hoc|iPhone.Build.0 = Release|Any CPU
		{A88B38FE-2117-4B56-8764-0F00343022EB}.Ad-Hoc|iPhone.Deploy.0 = Release|Any CPU
		{A88B38FE-2117-4B56-8764-0F00343022EB}.Ad-Hoc|iPhoneSimulator.ActiveCfg = Release|Any CPU
		{A88B38FE-2117-4B56-8764-0F00343022EB}.Ad-Hoc|iPhoneSimulator.Build.0 = Release|Any CPU
		{A88B38FE-2117-4B56-8764-0F00343022EB}.Ad-Hoc|iPhoneSimulator.Deploy.0 = Release|Any CPU
		{A88B38FE-2117-4B56-8764-0F00343022EB}.Ad-Hoc|x64.ActiveCfg = Release|Any CPU
		{A88B38FE-2117-4B56-8764-0F00343022EB}.Ad-Hoc|x64.Build.0 = Release|Any CPU
		{A88B38FE-2117-4B56-8764-0F00343022EB}.Ad-Hoc|x64.Deploy.0 = Release|Any CPU
		{A88B38FE-2117-4B56-8764-0F00343022EB}.Ad-Hoc|x86.ActiveCfg = Release|Any CPU
		{A88B38FE-2117-4B56-8764-0F00343022EB}.Ad-Hoc|x86.Build.0 = Release|Any CPU
		{A88B38FE-2117-4B56-8764-0F00343022EB}.Ad-Hoc|x86.Deploy.0 = Release|Any CPU
		{A88B38FE-2117-4B56-8764-0F00343022EB}.AppStore|Any CPU.ActiveCfg = Release|Any CPU
		{A88B38FE-2117-4B56-8764-0F00343022EB}.AppStore|Any CPU.Build.0 = Release|Any CPU
		{A88B38FE-2117-4B56-8764-0F00343022EB}.AppStore|Any CPU.Deploy.0 = Release|Any CPU
		{A88B38FE-2117-4B56-8764-0F00343022EB}.AppStore|ARM.ActiveCfg = Release|Any CPU
		{A88B38FE-2117-4B56-8764-0F00343022EB}.AppStore|ARM.Build.0 = Release|Any CPU
		{A88B38FE-2117-4B56-8764-0F00343022EB}.AppStore|ARM.Deploy.0 = Release|Any CPU
		{A88B38FE-2117-4B56-8764-0F00343022EB}.AppStore|iPhone.ActiveCfg = Release|Any CPU
		{A88B38FE-2117-4B56-8764-0F00343022EB}.AppStore|iPhone.Build.0 = Release|Any CPU
		{A88B38FE-2117-4B56-8764-0F00343022EB}.AppStore|iPhone.Deploy.0 = Release|Any CPU
		{A88B38FE-2117-4B56-8764-0F00343022EB}.AppStore|iPhoneSimulator.ActiveCfg = Release|Any CPU
		{A88B38FE-2117-4B56-8764-0F00343022EB}.AppStore|iPhoneSimulator.Build.0 = Release|Any CPU
		{A88B38FE-2117-4B56-8764-0F00343022EB}.AppStore|iPhoneSimulator.Deploy.0 = Release|Any CPU
		{A88B38FE-2117-4B56-8764-0F00343022EB}.AppStore|x64.ActiveCfg = Release|Any CPU
		{A88B38FE-2117-4B56-8764-0F00343022EB}.AppStore|x64.Build.0 = Release|Any CPU
		{A88B38FE-2117-4B56-8764-0F00343022EB}.AppStore|x64.Deploy.0 = Release|Any CPU
		{A88B38FE-2117-4B56-8764-0F00343022EB}.AppStore|x86.ActiveCfg = Release|Any CPU
		{A88B38FE-2117-4B56-8764-0F00343022EB}.AppStore|x86.Build.0 = Release|Any CPU
		{A88B38FE-2117-4B56-8764-0F00343022EB}.AppStore|x86.Deploy.0 = Release|Any CPU
		{A88B38FE-2117-4B56-8764-0F00343022EB}.Debug|Any CPU.ActiveCfg = Debug|Any CPU
		{A88B38FE-2117-4B56-8764-0F00343022EB}.Debug|Any CPU.Build.0 = Debug|Any CPU
		{A88B38FE-2117-4B56-8764-0F00343022EB}.Debug|Any CPU.Deploy.0 = Debug|Any CPU
		{A88B38FE-2117-4B56-8764-0F00343022EB}.Debug|ARM.ActiveCfg = Debug|Any CPU
		{A88B38FE-2117-4B56-8764-0F00343022EB}.Debug|ARM.Build.0 = Debug|Any CPU
		{A88B38FE-2117-4B56-8764-0F00343022EB}.Debug|ARM.Deploy.0 = Debug|Any CPU
		{A88B38FE-2117-4B56-8764-0F00343022EB}.Debug|iPhone.ActiveCfg = Debug|Any CPU
		{A88B38FE-2117-4B56-8764-0F00343022EB}.Debug|iPhone.Build.0 = Debug|Any CPU
		{A88B38FE-2117-4B56-8764-0F00343022EB}.Debug|iPhone.Deploy.0 = Debug|Any CPU
		{A88B38FE-2117-4B56-8764-0F00343022EB}.Debug|iPhoneSimulator.ActiveCfg = Debug|Any CPU
		{A88B38FE-2117-4B56-8764-0F00343022EB}.Debug|iPhoneSimulator.Build.0 = Debug|Any CPU
		{A88B38FE-2117-4B56-8764-0F00343022EB}.Debug|iPhoneSimulator.Deploy.0 = Debug|Any CPU
		{A88B38FE-2117-4B56-8764-0F00343022EB}.Debug|x64.ActiveCfg = Debug|Any CPU
		{A88B38FE-2117-4B56-8764-0F00343022EB}.Debug|x64.Build.0 = Debug|Any CPU
		{A88B38FE-2117-4B56-8764-0F00343022EB}.Debug|x64.Deploy.0 = Debug|Any CPU
		{A88B38FE-2117-4B56-8764-0F00343022EB}.Debug|x86.ActiveCfg = Debug|Any CPU
		{A88B38FE-2117-4B56-8764-0F00343022EB}.Debug|x86.Build.0 = Debug|Any CPU
		{A88B38FE-2117-4B56-8764-0F00343022EB}.Debug|x86.Deploy.0 = Debug|Any CPU
		{A88B38FE-2117-4B56-8764-0F00343022EB}.Release|Any CPU.ActiveCfg = Release|Any CPU
		{A88B38FE-2117-4B56-8764-0F00343022EB}.Release|Any CPU.Build.0 = Release|Any CPU
		{A88B38FE-2117-4B56-8764-0F00343022EB}.Release|Any CPU.Deploy.0 = Release|Any CPU
		{A88B38FE-2117-4B56-8764-0F00343022EB}.Release|ARM.ActiveCfg = Release|Any CPU
		{A88B38FE-2117-4B56-8764-0F00343022EB}.Release|ARM.Build.0 = Release|Any CPU
		{A88B38FE-2117-4B56-8764-0F00343022EB}.Release|ARM.Deploy.0 = Release|Any CPU
		{A88B38FE-2117-4B56-8764-0F00343022EB}.Release|iPhone.ActiveCfg = Release|Any CPU
		{A88B38FE-2117-4B56-8764-0F00343022EB}.Release|iPhone.Build.0 = Release|Any CPU
		{A88B38FE-2117-4B56-8764-0F00343022EB}.Release|iPhone.Deploy.0 = Release|Any CPU
		{A88B38FE-2117-4B56-8764-0F00343022EB}.Release|iPhoneSimulator.ActiveCfg = Release|Any CPU
		{A88B38FE-2117-4B56-8764-0F00343022EB}.Release|iPhoneSimulator.Build.0 = Release|Any CPU
		{A88B38FE-2117-4B56-8764-0F00343022EB}.Release|iPhoneSimulator.Deploy.0 = Release|Any CPU
		{A88B38FE-2117-4B56-8764-0F00343022EB}.Release|x64.ActiveCfg = Release|Any CPU
		{A88B38FE-2117-4B56-8764-0F00343022EB}.Release|x64.Build.0 = Release|Any CPU
		{A88B38FE-2117-4B56-8764-0F00343022EB}.Release|x64.Deploy.0 = Release|Any CPU
		{A88B38FE-2117-4B56-8764-0F00343022EB}.Release|x86.ActiveCfg = Release|Any CPU
		{A88B38FE-2117-4B56-8764-0F00343022EB}.Release|x86.Build.0 = Release|Any CPU
		{A88B38FE-2117-4B56-8764-0F00343022EB}.Release|x86.Deploy.0 = Release|Any CPU
		{78D473CA-4145-4C83-852D-48CDBC3EDA5B}.Ad-Hoc|Any CPU.ActiveCfg = Release|Any CPU
		{78D473CA-4145-4C83-852D-48CDBC3EDA5B}.Ad-Hoc|Any CPU.Build.0 = Release|Any CPU
		{78D473CA-4145-4C83-852D-48CDBC3EDA5B}.Ad-Hoc|Any CPU.Deploy.0 = Release|Any CPU
		{78D473CA-4145-4C83-852D-48CDBC3EDA5B}.Ad-Hoc|ARM.ActiveCfg = Release|ARM
		{78D473CA-4145-4C83-852D-48CDBC3EDA5B}.Ad-Hoc|ARM.Build.0 = Release|ARM
		{78D473CA-4145-4C83-852D-48CDBC3EDA5B}.Ad-Hoc|ARM.Deploy.0 = Release|ARM
		{78D473CA-4145-4C83-852D-48CDBC3EDA5B}.Ad-Hoc|iPhone.ActiveCfg = Release|Any CPU
		{78D473CA-4145-4C83-852D-48CDBC3EDA5B}.Ad-Hoc|iPhone.Build.0 = Release|Any CPU
		{78D473CA-4145-4C83-852D-48CDBC3EDA5B}.Ad-Hoc|iPhone.Deploy.0 = Release|Any CPU
		{78D473CA-4145-4C83-852D-48CDBC3EDA5B}.Ad-Hoc|iPhoneSimulator.ActiveCfg = Release|Any CPU
		{78D473CA-4145-4C83-852D-48CDBC3EDA5B}.Ad-Hoc|iPhoneSimulator.Build.0 = Release|Any CPU
		{78D473CA-4145-4C83-852D-48CDBC3EDA5B}.Ad-Hoc|iPhoneSimulator.Deploy.0 = Release|Any CPU
		{78D473CA-4145-4C83-852D-48CDBC3EDA5B}.Ad-Hoc|x64.ActiveCfg = Release|x64
		{78D473CA-4145-4C83-852D-48CDBC3EDA5B}.Ad-Hoc|x64.Build.0 = Release|x64
		{78D473CA-4145-4C83-852D-48CDBC3EDA5B}.Ad-Hoc|x64.Deploy.0 = Release|x64
		{78D473CA-4145-4C83-852D-48CDBC3EDA5B}.Ad-Hoc|x86.ActiveCfg = Release|x86
		{78D473CA-4145-4C83-852D-48CDBC3EDA5B}.Ad-Hoc|x86.Build.0 = Release|x86
		{78D473CA-4145-4C83-852D-48CDBC3EDA5B}.Ad-Hoc|x86.Deploy.0 = Release|x86
		{78D473CA-4145-4C83-852D-48CDBC3EDA5B}.AppStore|Any CPU.ActiveCfg = Release|Any CPU
		{78D473CA-4145-4C83-852D-48CDBC3EDA5B}.AppStore|Any CPU.Build.0 = Release|Any CPU
		{78D473CA-4145-4C83-852D-48CDBC3EDA5B}.AppStore|Any CPU.Deploy.0 = Release|Any CPU
		{78D473CA-4145-4C83-852D-48CDBC3EDA5B}.AppStore|ARM.ActiveCfg = Release|ARM
		{78D473CA-4145-4C83-852D-48CDBC3EDA5B}.AppStore|ARM.Build.0 = Release|ARM
		{78D473CA-4145-4C83-852D-48CDBC3EDA5B}.AppStore|ARM.Deploy.0 = Release|ARM
		{78D473CA-4145-4C83-852D-48CDBC3EDA5B}.AppStore|iPhone.ActiveCfg = Release|Any CPU
		{78D473CA-4145-4C83-852D-48CDBC3EDA5B}.AppStore|iPhone.Build.0 = Release|Any CPU
		{78D473CA-4145-4C83-852D-48CDBC3EDA5B}.AppStore|iPhone.Deploy.0 = Release|Any CPU
		{78D473CA-4145-4C83-852D-48CDBC3EDA5B}.AppStore|iPhoneSimulator.ActiveCfg = Release|Any CPU
		{78D473CA-4145-4C83-852D-48CDBC3EDA5B}.AppStore|iPhoneSimulator.Build.0 = Release|Any CPU
		{78D473CA-4145-4C83-852D-48CDBC3EDA5B}.AppStore|iPhoneSimulator.Deploy.0 = Release|Any CPU
		{78D473CA-4145-4C83-852D-48CDBC3EDA5B}.AppStore|x64.ActiveCfg = Release|x64
		{78D473CA-4145-4C83-852D-48CDBC3EDA5B}.AppStore|x64.Build.0 = Release|x64
		{78D473CA-4145-4C83-852D-48CDBC3EDA5B}.AppStore|x64.Deploy.0 = Release|x64
		{78D473CA-4145-4C83-852D-48CDBC3EDA5B}.AppStore|x86.ActiveCfg = Release|x86
		{78D473CA-4145-4C83-852D-48CDBC3EDA5B}.AppStore|x86.Build.0 = Release|x86
		{78D473CA-4145-4C83-852D-48CDBC3EDA5B}.AppStore|x86.Deploy.0 = Release|x86
		{78D473CA-4145-4C83-852D-48CDBC3EDA5B}.Debug|Any CPU.ActiveCfg = Debug|Any CPU
		{78D473CA-4145-4C83-852D-48CDBC3EDA5B}.Debug|Any CPU.Build.0 = Debug|Any CPU
		{78D473CA-4145-4C83-852D-48CDBC3EDA5B}.Debug|Any CPU.Deploy.0 = Debug|Any CPU
		{78D473CA-4145-4C83-852D-48CDBC3EDA5B}.Debug|ARM.ActiveCfg = Debug|ARM
		{78D473CA-4145-4C83-852D-48CDBC3EDA5B}.Debug|ARM.Build.0 = Debug|ARM
		{78D473CA-4145-4C83-852D-48CDBC3EDA5B}.Debug|ARM.Deploy.0 = Debug|ARM
		{78D473CA-4145-4C83-852D-48CDBC3EDA5B}.Debug|iPhone.ActiveCfg = Debug|Any CPU
		{78D473CA-4145-4C83-852D-48CDBC3EDA5B}.Debug|iPhone.Build.0 = Debug|Any CPU
		{78D473CA-4145-4C83-852D-48CDBC3EDA5B}.Debug|iPhone.Deploy.0 = Debug|Any CPU
		{78D473CA-4145-4C83-852D-48CDBC3EDA5B}.Debug|iPhoneSimulator.ActiveCfg = Debug|Any CPU
		{78D473CA-4145-4C83-852D-48CDBC3EDA5B}.Debug|iPhoneSimulator.Build.0 = Debug|Any CPU
		{78D473CA-4145-4C83-852D-48CDBC3EDA5B}.Debug|iPhoneSimulator.Deploy.0 = Debug|Any CPU
		{78D473CA-4145-4C83-852D-48CDBC3EDA5B}.Debug|x64.ActiveCfg = Debug|x64
		{78D473CA-4145-4C83-852D-48CDBC3EDA5B}.Debug|x64.Build.0 = Debug|x64
		{78D473CA-4145-4C83-852D-48CDBC3EDA5B}.Debug|x64.Deploy.0 = Debug|x64
		{78D473CA-4145-4C83-852D-48CDBC3EDA5B}.Debug|x86.ActiveCfg = Debug|x86
		{78D473CA-4145-4C83-852D-48CDBC3EDA5B}.Debug|x86.Build.0 = Debug|x86
		{78D473CA-4145-4C83-852D-48CDBC3EDA5B}.Debug|x86.Deploy.0 = Debug|x86
		{78D473CA-4145-4C83-852D-48CDBC3EDA5B}.Release|Any CPU.ActiveCfg = Release|Any CPU
		{78D473CA-4145-4C83-852D-48CDBC3EDA5B}.Release|Any CPU.Build.0 = Release|Any CPU
		{78D473CA-4145-4C83-852D-48CDBC3EDA5B}.Release|Any CPU.Deploy.0 = Release|Any CPU
		{78D473CA-4145-4C83-852D-48CDBC3EDA5B}.Release|ARM.ActiveCfg = Release|ARM
		{78D473CA-4145-4C83-852D-48CDBC3EDA5B}.Release|ARM.Build.0 = Release|ARM
		{78D473CA-4145-4C83-852D-48CDBC3EDA5B}.Release|ARM.Deploy.0 = Release|ARM
		{78D473CA-4145-4C83-852D-48CDBC3EDA5B}.Release|iPhone.ActiveCfg = Release|Any CPU
		{78D473CA-4145-4C83-852D-48CDBC3EDA5B}.Release|iPhone.Build.0 = Release|Any CPU
		{78D473CA-4145-4C83-852D-48CDBC3EDA5B}.Release|iPhone.Deploy.0 = Release|Any CPU
		{78D473CA-4145-4C83-852D-48CDBC3EDA5B}.Release|iPhoneSimulator.ActiveCfg = Release|Any CPU
		{78D473CA-4145-4C83-852D-48CDBC3EDA5B}.Release|iPhoneSimulator.Build.0 = Release|Any CPU
		{78D473CA-4145-4C83-852D-48CDBC3EDA5B}.Release|iPhoneSimulator.Deploy.0 = Release|Any CPU
		{78D473CA-4145-4C83-852D-48CDBC3EDA5B}.Release|x64.ActiveCfg = Release|x64
		{78D473CA-4145-4C83-852D-48CDBC3EDA5B}.Release|x64.Build.0 = Release|x64
		{78D473CA-4145-4C83-852D-48CDBC3EDA5B}.Release|x64.Deploy.0 = Release|x64
		{78D473CA-4145-4C83-852D-48CDBC3EDA5B}.Release|x86.ActiveCfg = Release|x86
		{78D473CA-4145-4C83-852D-48CDBC3EDA5B}.Release|x86.Build.0 = Release|x86
		{78D473CA-4145-4C83-852D-48CDBC3EDA5B}.Release|x86.Deploy.0 = Release|x86
	EndGlobalSection
	GlobalSection(SolutionProperties) = preSolution
		HideSolutionNode = FALSE
	EndGlobalSection
EndGlobal
