
Microsoft Visual Studio Solution File, Format Version 12.00
# Visual Studio 14
VisualStudioVersion = 14.0.25420.1
MinimumVisualStudioVersion = 10.0.40219.1
Project("{FAE04EC0-301F-11D3-BF4B-00C04F79EFBC}") = "AurenderTycoonDuke", "AurenderTycoonDuke\AurenderTycoonDuke.csproj", "{70343203-6E86-4AD3-BFE5-61C37C9B888D}"
EndProject
Global
	GlobalSection(SolutionConfigurationPlatforms) = preSolution
		Debug|Any CPU = Debug|Any CPU
		Release|Any CPU = Release|Any CPU
	EndGlobalSection
	GlobalSection(ProjectConfigurationPlatforms) = postSolution
		{70343203-6E86-4AD3-BFE5-61C37C9B888D}.Debug|Any CPU.ActiveCfg = Debug|Any CPU
		{70343203-6E86-4AD3-BFE5-61C37C9B888D}.Debug|Any CPU.Build.0 = Debug|Any CPU
		{70343203-6E86-4AD3-BFE5-61C37C9B888D}.Release|Any CPU.ActiveCfg = Release|Any CPU
		{70343203-6E86-4AD3-BFE5-61C37C9B888D}.Release|Any CPU.Build.0 = Release|Any CPU
	EndGlobalSection
	GlobalSection(SolutionProperties) = preSolution
		HideSolutionNode = FALSE
	EndGlobalSection
EndGlobal
